// !$*UTF8*$!
{
	archiveVersion = 1;
	classes = {
	};
	objectVersion = 46;
	objects = {

/* Begin PBXAggregateTarget section */
		DD9508A3DFEFA3A76C2DAFA0 /* GrainFMSynth - All */ = {
			isa = PBXAggregateTarget;
			buildConfigurationList = 49AE0DF7D2B329C27EA80B34;
			buildPhases = (
			);
			dependencies = (
				E5C08707CA69E47C0ED062D0,
				762892ED1180159962C56877,
				EA84832DFABB78ACA311A966,
				56F1E14633DC39D29B9A8535,
			);
			name = "GrainFMSynth - All";
			productName = GrainFMSynth;
		};
/* End PBXAggregateTarget section */

/* Begin PBXBuildFile section */
		01DD6CA3489428CEEBBE09F0 /* VST3 */ = {isa = PBXBuildFile; fileRef = E664AE01ADF21DFBC9B568A6; };
		044F2CF777AD2F959732CA69 /* include_juce_audio_plugin_client_VST3.cpp */ = {isa = PBXBuildFile; fileRef = 82710B87DEA3CBA47C5186F2; };
		0A9E31F36C9DA28C96C4695F /* include_juce_events.mm */ = {isa = PBXBuildFile; fileRef = C5DE2B537901C8C54F88ABDE; };
		15E792E43BC07B46AF99E8BF /* IOKit.framework */ = {isa = PBXBuildFile; fileRef = 361BCF19CB910C76B74CE443; };
		1A20554AAE55A07DF01133AA /* include_juce_audio_plugin_client_AU.r */ = {isa = PBXBuildFile; fileRef = 583EC22AF859140D91AA1461; };
		1DD14F45221FE92D28897C5B /* include_juce_dsp.mm */ = {isa = PBXBuildFile; fileRef = DC74FB3E3056A7DF8B1A2779; };
		202714DA4D252BB3C20322CB /* include_juce_audio_formats.mm */ = {isa = PBXBuildFile; fileRef = 9A1EB1F8548D9CFE2A1F7A08; };
		2AC58B4BB0DD54D2C1E9A349 /* AudioToolbox.framework */ = {isa = PBXBuildFile; fileRef = 97C091D4A65113B6F45C24EB; };
		2B94586E62E8539BC9A25957 /* DiscRecording.framework */ = {isa = PBXBuildFile; fileRef = 9F10E01AE4E4F388082596E8; };
		314FF251A13EA400F5FE93AC /* include_juce_data_structures.mm */ = {isa = PBXBuildFile; fileRef = 8B797AE50C078BBF890389DD; };
		323C4F253070886B5F0FD8BA /* include_juce_core.mm */ = {isa = PBXBuildFile; fileRef = 0E7996F1C6E067E8BD6C3367; };
		4356D1E4A2F31EF3020C246A /* CoreAudioKit.framework */ = {isa = PBXBuildFile; fileRef = 0C10435DCFE5B5A36937FE9D; };
		44EB44BA4BE26464188A9B5D /* include_juce_gui_basics.mm */ = {isa = PBXBuildFile; fileRef = 17654FFB3F33D4FD991FB12A; };
		4DB44556EC0E1380DCFE99C9 /* include_juce_audio_utils.mm */ = {isa = PBXBuildFile; fileRef = 6D91621D97BB2D788C959949; };
		4E698A82A784559CD22E98A1 /* include_juce_audio_plugin_client_utils.cpp */ = {isa = PBXBuildFile; fileRef = 32010F20A829387331CA8793; };
		536105B40744A57504AE7153 /* include_juce_audio_devices.mm */ = {isa = PBXBuildFile; fileRef = EBF18276D948010C358E3604; };
		5BB0A04C5C9FD43C961E4611 /* Foundation.framework */ = {isa = PBXBuildFile; fileRef = A5FF5EDEC62E4915F3F42229; };
		6221C0AA58B3130F70D8A6B5 /* SynthVoice.cpp */ = {isa = PBXBuildFile; fileRef = BCE3E1B837E05924DB8B4691; };
		67A20FB569CA65038787FC82 /* include_juce_audio_plugin_client_AU_1.mm */ = {isa = PBXBuildFile; fileRef = 017C06DC833A2265582D13F7; };
		68C5F1D1A66226678D14AA07 /* Accelerate.framework */ = {isa = PBXBuildFile; fileRef = E14D6C4E632E72056583BFF2; };
		79154BEC8A4ABE9658597533 /* include_juce_audio_plugin_client_AU_2.mm */ = {isa = PBXBuildFile; fileRef = 58F1AE613088E7A31DD05508; };
		855A92F5BD62EB28C3842E3A /* WebKit.framework */ = {isa = PBXBuildFile; fileRef = 57F52DB31CC22767AD7B1876; };
		8BDCCFE5811707394C4D699C /* include_juce_audio_processors.mm */ = {isa = PBXBuildFile; fileRef = CE3BB3432430935DAECC7BF9; };
		9D46EE84210D7650653FA464 /* AU */ = {isa = PBXBuildFile; fileRef = 039915C87AE6DCE777C82197; };
		A0867D1F3112D42BDD3D13A3 /* include_juce_graphics.mm */ = {isa = PBXBuildFile; fileRef = 7777E7269FD46BF8C5C1539D; };
		A0A93ED87F70E0E3988324F2 /* PluginEditor.cpp */ = {isa = PBXBuildFile; fileRef = AB53A777BFBD66F84ACC59A4; };
		A1530F43CAA0209DFFC3668A /* Shared Code */ = {isa = PBXBuildFile; fileRef = 0DCC35BBCB002D576CE0CAF0; };
		A6BF8D85FEC4C1DB47667CA3 /* Carbon.framework */ = {isa = PBXBuildFile; fileRef = CF221BD13E95A83E22E1507F; };
		B686D4648B54AB01A0FB88E5 /* OneGrain.cpp */ = {isa = PBXBuildFile; fileRef = 2081A9923FB6CB76B4C1C12E; };
		B6B7CD7BB52E4C04C7D4850A /* CoreAudio.framework */ = {isa = PBXBuildFile; fileRef = 1090AEB5EFB367003BF4F5FA; };
		B6D217D0CC3CAFEB36B84F51 /* Cocoa.framework */ = {isa = PBXBuildFile; fileRef = 3307449DCA04E9E12B7B7012; };
		B771DB250A7B9259BB94B514 /* include_juce_audio_plugin_client_Standalone.cpp */ = {isa = PBXBuildFile; fileRef = 92B1108CE7762CF019F48EC5; };
		B9A4269B44B8F3F338C8718F /* PluginProcessor.cpp */ = {isa = PBXBuildFile; fileRef = 4DF0BF3102F878BF7516EC2D; };
		BEC175FAC06AECC370AF84B7 /* QuartzCore.framework */ = {isa = PBXBuildFile; fileRef = 912420F8BD28EE9C4F018488; };
		C182E9EB8F2EB22BAD65EEE4 /* include_juce_audio_plugin_client_VST_utils.mm */ = {isa = PBXBuildFile; fileRef = 63E34A6E860423D0A221C207; };
		C953AF61C741E317A2573149 /* CoreMIDI.framework */ = {isa = PBXBuildFile; fileRef = 37B12E740AE411E0E71B9231; };
		C9764C57360E63BB1E23E817 /* Standalone Plugin */ = {isa = PBXBuildFile; fileRef = DFA6FCCB32A336BDEE760F65; };
		CBD30D88FCCC1CB007ADC301 /* include_juce_gui_extra.mm */ = {isa = PBXBuildFile; fileRef = 9A4C6AC8EAD9593DCAD9D46B; };
		DDAD6D9035965E90FB8B9040 /* include_juce_audio_basics.mm */ = {isa = PBXBuildFile; fileRef = 44D5D648ED7AB78463E2EA74; };
		E079EF707DAE3E838AC0C7B8 /* RecentFilesMenuTemplate.nib */ = {isa = PBXBuildFile; fileRef = 6C11784457DD0D96A538C09B; };
		E157CC4960ADB7AF9A06520B /* AudioUnit.framework */ = {isa = PBXBuildFile; fileRef = 868482E16A185B3125923817; };
/* End PBXBuildFile section */

/* Begin PBXFileReference section */
		0040F54CE16D5FA4BEEC5E7A /* JucePluginDefines.h */ /* JucePluginDefines.h */ = {isa = PBXFileReference; lastKnownFileType = sourcecode.c.h; name = JucePluginDefines.h; path = ../../JuceLibraryCode/JucePluginDefines.h; sourceTree = SOURCE_ROOT; };
		017C06DC833A2265582D13F7 /* include_juce_audio_plugin_client_AU_1.mm */ /* include_juce_audio_plugin_client_AU_1.mm */ = {isa = PBXFileReference; lastKnownFileType = sourcecode.cpp.objcpp; name = include_juce_audio_plugin_client_AU_1.mm; path = ../../JuceLibraryCode/include_juce_audio_plugin_client_AU_1.mm; sourceTree = SOURCE_ROOT; };
		039915C87AE6DCE777C82197 /* AU */ = {isa = PBXFileReference; explicitFileType = wrapper.cfbundle; includeInIndex = 0; path = GrainFMSynth.component; sourceTree = BUILT_PRODUCTS_DIR; };
		070E0B812B618E033C870C5D /* juce_audio_basics */ /* juce_audio_basics */ = {isa = PBXFileReference; lastKnownFileType = folder; name = juce_audio_basics; path = /Users/jef/Documents/Dev/juce/JUCE/modules/juce_audio_basics; sourceTree = "<absolute>"; };
		0C10435DCFE5B5A36937FE9D /* CoreAudioKit.framework */ /* CoreAudioKit.framework */ = {isa = PBXFileReference; lastKnownFileType = wrapper.framework; name = CoreAudioKit.framework; path = System/Library/Frameworks/CoreAudioKit.framework; sourceTree = SDKROOT; };
		0DCC35BBCB002D576CE0CAF0 /* Shared Code */ = {isa = PBXFileReference; explicitFileType = archive.ar; includeInIndex = 0; path = libGrainFMSynth.a; sourceTree = BUILT_PRODUCTS_DIR; };
		0E7996F1C6E067E8BD6C3367 /* include_juce_core.mm */ /* include_juce_core.mm */ = {isa = PBXFileReference; lastKnownFileType = sourcecode.cpp.objcpp; name = include_juce_core.mm; path = ../../JuceLibraryCode/include_juce_core.mm; sourceTree = SOURCE_ROOT; };
		1090AEB5EFB367003BF4F5FA /* CoreAudio.framework */ /* CoreAudio.framework */ = {isa = PBXFileReference; lastKnownFileType = wrapper.framework; name = CoreAudio.framework; path = System/Library/Frameworks/CoreAudio.framework; sourceTree = SDKROOT; };
		1428B035D412FFE229122F66 /* Info-Standalone_Plugin.plist */ /* Info-Standalone_Plugin.plist */ = {isa = PBXFileReference; lastKnownFileType = text.plist.xml; name = "Info-Standalone_Plugin.plist"; path = "Info-Standalone_Plugin.plist"; sourceTree = SOURCE_ROOT; };
		17654FFB3F33D4FD991FB12A /* include_juce_gui_basics.mm */ /* include_juce_gui_basics.mm */ = {isa = PBXFileReference; lastKnownFileType = sourcecode.cpp.objcpp; name = include_juce_gui_basics.mm; path = ../../JuceLibraryCode/include_juce_gui_basics.mm; sourceTree = SOURCE_ROOT; };
		1D553D0A062FF4E0A3B76B00 /* juce_dsp */ /* juce_dsp */ = {isa = PBXFileReference; lastKnownFileType = folder; name = juce_dsp; path = /Users/jef/Documents/Dev/juce/JUCE/modules/juce_dsp; sourceTree = "<absolute>"; };
		1D83EC6A858AD4FE474297DE /* PluginEditor.h */ /* PluginEditor.h */ = {isa = PBXFileReference; lastKnownFileType = sourcecode.c.h; name = PluginEditor.h; path = ../../Source/PluginEditor.h; sourceTree = SOURCE_ROOT; };
		2018F4EF8E0043580D54D424 /* juce_graphics */ /* juce_graphics */ = {isa = PBXFileReference; lastKnownFileType = folder; name = juce_graphics; path = /Users/jef/Documents/Dev/juce/JUCE/modules/juce_graphics; sourceTree = "<absolute>"; };
		2081A9923FB6CB76B4C1C12E /* OneGrain.cpp */ /* OneGrain.cpp */ = {isa = PBXFileReference; lastKnownFileType = sourcecode.cpp.cpp; name = OneGrain.cpp; path = ../../Source/OneGrain.cpp; sourceTree = SOURCE_ROOT; };
		32010F20A829387331CA8793 /* include_juce_audio_plugin_client_utils.cpp */ /* include_juce_audio_plugin_client_utils.cpp */ = {isa = PBXFileReference; lastKnownFileType = sourcecode.cpp.cpp; name = include_juce_audio_plugin_client_utils.cpp; path = ../../JuceLibraryCode/include_juce_audio_plugin_client_utils.cpp; sourceTree = SOURCE_ROOT; };
		3307449DCA04E9E12B7B7012 /* Cocoa.framework */ /* Cocoa.framework */ = {isa = PBXFileReference; lastKnownFileType = wrapper.framework; name = Cocoa.framework; path = System/Library/Frameworks/Cocoa.framework; sourceTree = SDKROOT; };
		361BCF19CB910C76B74CE443 /* IOKit.framework */ /* IOKit.framework */ = {isa = PBXFileReference; lastKnownFileType = wrapper.framework; name = IOKit.framework; path = System/Library/Frameworks/IOKit.framework; sourceTree = SDKROOT; };
		37B12E740AE411E0E71B9231 /* CoreMIDI.framework */ /* CoreMIDI.framework */ = {isa = PBXFileReference; lastKnownFileType = wrapper.framework; name = CoreMIDI.framework; path = System/Library/Frameworks/CoreMIDI.framework; sourceTree = SDKROOT; };
		44D5D648ED7AB78463E2EA74 /* include_juce_audio_basics.mm */ /* include_juce_audio_basics.mm */ = {isa = PBXFileReference; lastKnownFileType = sourcecode.cpp.objcpp; name = include_juce_audio_basics.mm; path = ../../JuceLibraryCode/include_juce_audio_basics.mm; sourceTree = SOURCE_ROOT; };
		4DF0BF3102F878BF7516EC2D /* PluginProcessor.cpp */ /* PluginProcessor.cpp */ = {isa = PBXFileReference; lastKnownFileType = sourcecode.cpp.cpp; name = PluginProcessor.cpp; path = ../../Source/PluginProcessor.cpp; sourceTree = SOURCE_ROOT; };
		4E1AC9F10C221EAEDD71F8E9 /* FmVoice.h */ /* FmVoice.h */ = {isa = PBXFileReference; lastKnownFileType = sourcecode.c.h; name = FmVoice.h; path = ../../Source/FmVoice.h; sourceTree = SOURCE_ROOT; };
		522185D8C2952F37664D47E1 /* juce_core */ /* juce_core */ = {isa = PBXFileReference; lastKnownFileType = folder; name = juce_core; path = /Users/jef/Documents/Dev/juce/JUCE/modules/juce_core; sourceTree = "<absolute>"; };
		57F52DB31CC22767AD7B1876 /* WebKit.framework */ /* WebKit.framework */ = {isa = PBXFileReference; lastKnownFileType = wrapper.framework; name = WebKit.framework; path = System/Library/Frameworks/WebKit.framework; sourceTree = SDKROOT; };
		583EC22AF859140D91AA1461 /* include_juce_audio_plugin_client_AU.r */ /* include_juce_audio_plugin_client_AU.r */ = {isa = PBXFileReference; lastKnownFileType = file.r; name = include_juce_audio_plugin_client_AU.r; path = ../../JuceLibraryCode/include_juce_audio_plugin_client_AU.r; sourceTree = SOURCE_ROOT; };
		58F1AE613088E7A31DD05508 /* include_juce_audio_plugin_client_AU_2.mm */ /* include_juce_audio_plugin_client_AU_2.mm */ = {isa = PBXFileReference; lastKnownFileType = sourcecode.cpp.objcpp; name = include_juce_audio_plugin_client_AU_2.mm; path = ../../JuceLibraryCode/include_juce_audio_plugin_client_AU_2.mm; sourceTree = SOURCE_ROOT; };
		59E239893F04E6927C6A94F6 /* juce_audio_formats */ /* juce_audio_formats */ = {isa = PBXFileReference; lastKnownFileType = folder; name = juce_audio_formats; path = /Users/jef/Documents/Dev/juce/JUCE/modules/juce_audio_formats; sourceTree = "<absolute>"; };
		63E34A6E860423D0A221C207 /* include_juce_audio_plugin_client_VST_utils.mm */ /* include_juce_audio_plugin_client_VST_utils.mm */ = {isa = PBXFileReference; lastKnownFileType = sourcecode.cpp.objcpp; name = include_juce_audio_plugin_client_VST_utils.mm; path = ../../JuceLibraryCode/include_juce_audio_plugin_client_VST_utils.mm; sourceTree = SOURCE_ROOT; };
		6C11784457DD0D96A538C09B /* RecentFilesMenuTemplate.nib */ /* RecentFilesMenuTemplate.nib */ = {isa = PBXFileReference; lastKnownFileType = file.nib; name = RecentFilesMenuTemplate.nib; path = RecentFilesMenuTemplate.nib; sourceTree = SOURCE_ROOT; };
		6D91621D97BB2D788C959949 /* include_juce_audio_utils.mm */ /* include_juce_audio_utils.mm */ = {isa = PBXFileReference; lastKnownFileType = sourcecode.cpp.objcpp; name = include_juce_audio_utils.mm; path = ../../JuceLibraryCode/include_juce_audio_utils.mm; sourceTree = SOURCE_ROOT; };
		745EEADDB9F625FB0FEC00C5 /* OneGrain.h */ /* OneGrain.h */ = {isa = PBXFileReference; lastKnownFileType = sourcecode.c.h; name = OneGrain.h; path = ../../Source/OneGrain.h; sourceTree = SOURCE_ROOT; };
		74968BDEBD056030D33BE36F /* juce_gui_basics */ /* juce_gui_basics */ = {isa = PBXFileReference; lastKnownFileType = folder; name = juce_gui_basics; path = /Users/jef/Documents/Dev/juce/JUCE/modules/juce_gui_basics; sourceTree = "<absolute>"; };
		7777E7269FD46BF8C5C1539D /* include_juce_graphics.mm */ /* include_juce_graphics.mm */ = {isa = PBXFileReference; lastKnownFileType = sourcecode.cpp.objcpp; name = include_juce_graphics.mm; path = ../../JuceLibraryCode/include_juce_graphics.mm; sourceTree = SOURCE_ROOT; };
		7C2F8C1BF600A79AE1C65F9C /* juce_gui_extra */ /* juce_gui_extra */ = {isa = PBXFileReference; lastKnownFileType = folder; name = juce_gui_extra; path = /Users/jef/Documents/Dev/juce/JUCE/modules/juce_gui_extra; sourceTree = "<absolute>"; };
		7EC45A5D88D06243438A3B4D /* juce_events */ /* juce_events */ = {isa = PBXFileReference; lastKnownFileType = folder; name = juce_events; path = /Users/jef/Documents/Dev/juce/JUCE/modules/juce_events; sourceTree = "<absolute>"; };
		82710B87DEA3CBA47C5186F2 /* include_juce_audio_plugin_client_VST3.cpp */ /* include_juce_audio_plugin_client_VST3.cpp */ = {isa = PBXFileReference; lastKnownFileType = sourcecode.cpp.cpp; name = include_juce_audio_plugin_client_VST3.cpp; path = ../../JuceLibraryCode/include_juce_audio_plugin_client_VST3.cpp; sourceTree = SOURCE_ROOT; };
		83B4D8A6FC2DB2CADA109584 /* juce_data_structures */ /* juce_data_structures */ = {isa = PBXFileReference; lastKnownFileType = folder; name = juce_data_structures; path = /Users/jef/Documents/Dev/juce/JUCE/modules/juce_data_structures; sourceTree = "<absolute>"; };
		868482E16A185B3125923817 /* AudioUnit.framework */ /* AudioUnit.framework */ = {isa = PBXFileReference; lastKnownFileType = wrapper.framework; name = AudioUnit.framework; path = System/Library/Frameworks/AudioUnit.framework; sourceTree = SDKROOT; };
		8AA1118566FE58FC6DFA35E3 /* juce_audio_devices */ /* juce_audio_devices */ = {isa = PBXFileReference; lastKnownFileType = folder; name = juce_audio_devices; path = /Users/jef/Documents/Dev/juce/JUCE/modules/juce_audio_devices; sourceTree = "<absolute>"; };
		8B797AE50C078BBF890389DD /* include_juce_data_structures.mm */ /* include_juce_data_structures.mm */ = {isa = PBXFileReference; lastKnownFileType = sourcecode.cpp.objcpp; name = include_juce_data_structures.mm; path = ../../JuceLibraryCode/include_juce_data_structures.mm; sourceTree = SOURCE_ROOT; };
		912420F8BD28EE9C4F018488 /* QuartzCore.framework */ /* QuartzCore.framework */ = {isa = PBXFileReference; lastKnownFileType = wrapper.framework; name = QuartzCore.framework; path = System/Library/Frameworks/QuartzCore.framework; sourceTree = SDKROOT; };
		92B1108CE7762CF019F48EC5 /* include_juce_audio_plugin_client_Standalone.cpp */ /* include_juce_audio_plugin_client_Standalone.cpp */ = {isa = PBXFileReference; lastKnownFileType = sourcecode.cpp.cpp; name = include_juce_audio_plugin_client_Standalone.cpp; path = ../../JuceLibraryCode/include_juce_audio_plugin_client_Standalone.cpp; sourceTree = SOURCE_ROOT; };
		97C091D4A65113B6F45C24EB /* AudioToolbox.framework */ /* AudioToolbox.framework */ = {isa = PBXFileReference; lastKnownFileType = wrapper.framework; name = AudioToolbox.framework; path = System/Library/Frameworks/AudioToolbox.framework; sourceTree = SDKROOT; };
		98CBB422DC788F570E21D230 /* juce_audio_processors */ /* juce_audio_processors */ = {isa = PBXFileReference; lastKnownFileType = folder; name = juce_audio_processors; path = /Users/jef/Documents/Dev/juce/JUCE/modules/juce_audio_processors; sourceTree = "<absolute>"; };
		9A1EB1F8548D9CFE2A1F7A08 /* include_juce_audio_formats.mm */ /* include_juce_audio_formats.mm */ = {isa = PBXFileReference; lastKnownFileType = sourcecode.cpp.objcpp; name = include_juce_audio_formats.mm; path = ../../JuceLibraryCode/include_juce_audio_formats.mm; sourceTree = SOURCE_ROOT; };
		9A4C6AC8EAD9593DCAD9D46B /* include_juce_gui_extra.mm */ /* include_juce_gui_extra.mm */ = {isa = PBXFileReference; lastKnownFileType = sourcecode.cpp.objcpp; name = include_juce_gui_extra.mm; path = ../../JuceLibraryCode/include_juce_gui_extra.mm; sourceTree = SOURCE_ROOT; };
		9E49DE86A13A29685CD134E8 /* SynthVoice.h */ /* SynthVoice.h */ = {isa = PBXFileReference; lastKnownFileType = sourcecode.c.h; name = SynthVoice.h; path = ../../Source/SynthVoice.h; sourceTree = SOURCE_ROOT; };
		9EE3FF058A3EAFB6F6E4866F /* Info-AU.plist */ /* Info-AU.plist */ = {isa = PBXFileReference; lastKnownFileType = text.plist.xml; name = "Info-AU.plist"; path = "Info-AU.plist"; sourceTree = SOURCE_ROOT; };
		9F10E01AE4E4F388082596E8 /* DiscRecording.framework */ /* DiscRecording.framework */ = {isa = PBXFileReference; lastKnownFileType = wrapper.framework; name = DiscRecording.framework; path = System/Library/Frameworks/DiscRecording.framework; sourceTree = SDKROOT; };
		A5FF5EDEC62E4915F3F42229 /* Foundation.framework */ /* Foundation.framework */ = {isa = PBXFileReference; lastKnownFileType = wrapper.framework; name = Foundation.framework; path = System/Library/Frameworks/Foundation.framework; sourceTree = SDKROOT; };
		AB53A777BFBD66F84ACC59A4 /* PluginEditor.cpp */ /* PluginEditor.cpp */ = {isa = PBXFileReference; lastKnownFileType = sourcecode.cpp.cpp; name = PluginEditor.cpp; path = ../../Source/PluginEditor.cpp; sourceTree = SOURCE_ROOT; };
		BCE3E1B837E05924DB8B4691 /* SynthVoice.cpp */ /* SynthVoice.cpp */ = {isa = PBXFileReference; lastKnownFileType = sourcecode.cpp.cpp; name = SynthVoice.cpp; path = ../../Source/SynthVoice.cpp; sourceTree = SOURCE_ROOT; };
		C099D2394D9132CDA0817C0F /* Info-VST3.plist */ /* Info-VST3.plist */ = {isa = PBXFileReference; lastKnownFileType = text.plist.xml; name = "Info-VST3.plist"; path = "Info-VST3.plist"; sourceTree = SOURCE_ROOT; };
		C5DE2B537901C8C54F88ABDE /* include_juce_events.mm */ /* include_juce_events.mm */ = {isa = PBXFileReference; lastKnownFileType = sourcecode.cpp.objcpp; name = include_juce_events.mm; path = ../../JuceLibraryCode/include_juce_events.mm; sourceTree = SOURCE_ROOT; };
		CDF20C591D729D87CDD89576 /* SynthSound.h */ /* SynthSound.h */ = {isa = PBXFileReference; lastKnownFileType = sourcecode.c.h; name = SynthSound.h; path = ../../Source/SynthSound.h; sourceTree = SOURCE_ROOT; };
		CE3BB3432430935DAECC7BF9 /* include_juce_audio_processors.mm */ /* include_juce_audio_processors.mm */ = {isa = PBXFileReference; lastKnownFileType = sourcecode.cpp.objcpp; name = include_juce_audio_processors.mm; path = ../../JuceLibraryCode/include_juce_audio_processors.mm; sourceTree = SOURCE_ROOT; };
		CF221BD13E95A83E22E1507F /* Carbon.framework */ /* Carbon.framework */ = {isa = PBXFileReference; lastKnownFileType = wrapper.framework; name = Carbon.framework; path = System/Library/Frameworks/Carbon.framework; sourceTree = SDKROOT; };
		D200A6CCBFCFA72447AEE637 /* PluginProcessor.h */ /* PluginProcessor.h */ = {isa = PBXFileReference; lastKnownFileType = sourcecode.c.h; name = PluginProcessor.h; path = ../../Source/PluginProcessor.h; sourceTree = SOURCE_ROOT; };
		DC74FB3E3056A7DF8B1A2779 /* include_juce_dsp.mm */ /* include_juce_dsp.mm */ = {isa = PBXFileReference; lastKnownFileType = sourcecode.cpp.objcpp; name = include_juce_dsp.mm; path = ../../JuceLibraryCode/include_juce_dsp.mm; sourceTree = SOURCE_ROOT; };
		DE2D8FF312E15913E677AB02 /* juce_audio_utils */ /* juce_audio_utils */ = {isa = PBXFileReference; lastKnownFileType = folder; name = juce_audio_utils; path = /Users/jef/Documents/Dev/juce/JUCE/modules/juce_audio_utils; sourceTree = "<absolute>"; };
		DFA6FCCB32A336BDEE760F65 /* Standalone Plugin */ = {isa = PBXFileReference; explicitFileType = wrapper.application; includeInIndex = 0; path = GrainFMSynth.app; sourceTree = BUILT_PRODUCTS_DIR; };
		E14D6C4E632E72056583BFF2 /* Accelerate.framework */ /* Accelerate.framework */ = {isa = PBXFileReference; lastKnownFileType = wrapper.framework; name = Accelerate.framework; path = System/Library/Frameworks/Accelerate.framework; sourceTree = SDKROOT; };
		E664AE01ADF21DFBC9B568A6 /* VST3 */ = {isa = PBXFileReference; explicitFileType = wrapper.cfbundle; includeInIndex = 0; path = GrainFMSynth.vst3; sourceTree = BUILT_PRODUCTS_DIR; };
		E87002ED3971F44D9E983644 /* JuceHeader.h */ /* JuceHeader.h */ = {isa = PBXFileReference; lastKnownFileType = sourcecode.c.h; name = JuceHeader.h; path = ../../JuceLibraryCode/JuceHeader.h; sourceTree = SOURCE_ROOT; };
		EBF18276D948010C358E3604 /* include_juce_audio_devices.mm */ /* include_juce_audio_devices.mm */ = {isa = PBXFileReference; lastKnownFileType = sourcecode.cpp.objcpp; name = include_juce_audio_devices.mm; path = ../../JuceLibraryCode/include_juce_audio_devices.mm; sourceTree = SOURCE_ROOT; };
		FA2C7D5C8FB87450C47C3619 /* juce_audio_plugin_client */ /* juce_audio_plugin_client */ = {isa = PBXFileReference; lastKnownFileType = folder; name = juce_audio_plugin_client; path = /Users/jef/Documents/Dev/juce/JUCE/modules/juce_audio_plugin_client; sourceTree = "<absolute>"; };
/* End PBXFileReference section */

/* Begin PBXFrameworksBuildPhase section */
		01B314DCD362A7A11E78A56E = {
			isa = PBXFrameworksBuildPhase;
			buildActionMask = 2147483647;
			files = (
				68C5F1D1A66226678D14AA07,
				2AC58B4BB0DD54D2C1E9A349,
				A6BF8D85FEC4C1DB47667CA3,
				B6D217D0CC3CAFEB36B84F51,
				B6B7CD7BB52E4C04C7D4850A,
				4356D1E4A2F31EF3020C246A,
				C953AF61C741E317A2573149,
				2B94586E62E8539BC9A25957,
				5BB0A04C5C9FD43C961E4611,
				15E792E43BC07B46AF99E8BF,
				BEC175FAC06AECC370AF84B7,
				855A92F5BD62EB28C3842E3A,
			);
			runOnlyForDeploymentPostprocessing = 0;
		};
		5D644DD2F3187EA8B4B539FC = {
			isa = PBXFrameworksBuildPhase;
			buildActionMask = 2147483647;
			files = (
				68C5F1D1A66226678D14AA07,
				2AC58B4BB0DD54D2C1E9A349,
				A6BF8D85FEC4C1DB47667CA3,
				B6D217D0CC3CAFEB36B84F51,
				B6B7CD7BB52E4C04C7D4850A,
				4356D1E4A2F31EF3020C246A,
				C953AF61C741E317A2573149,
				2B94586E62E8539BC9A25957,
				5BB0A04C5C9FD43C961E4611,
				15E792E43BC07B46AF99E8BF,
				BEC175FAC06AECC370AF84B7,
				855A92F5BD62EB28C3842E3A,
			);
			runOnlyForDeploymentPostprocessing = 0;
		};
		927651166668D22306E250D7 = {
			isa = PBXFrameworksBuildPhase;
			buildActionMask = 2147483647;
			files = (
				E157CC4960ADB7AF9A06520B,
				68C5F1D1A66226678D14AA07,
				2AC58B4BB0DD54D2C1E9A349,
				A6BF8D85FEC4C1DB47667CA3,
				B6D217D0CC3CAFEB36B84F51,
				B6B7CD7BB52E4C04C7D4850A,
				4356D1E4A2F31EF3020C246A,
				C953AF61C741E317A2573149,
				2B94586E62E8539BC9A25957,
				5BB0A04C5C9FD43C961E4611,
				15E792E43BC07B46AF99E8BF,
				BEC175FAC06AECC370AF84B7,
				855A92F5BD62EB28C3842E3A,
			);
			runOnlyForDeploymentPostprocessing = 0;
		};
/* End PBXFrameworksBuildPhase section */

/* Begin PBXGroup section */
		17995859725B657E5B631000 /* GrainFMSynth */ = {
			isa = PBXGroup;
			children = (
				40A7E7570574427F528C9C53,
			);
			name = GrainFMSynth;
			sourceTree = "<group>";
		};
		1A90062A6201BB29034DCA63 /* Frameworks */ = {
			isa = PBXGroup;
			children = (
				868482E16A185B3125923817,
				E14D6C4E632E72056583BFF2,
				97C091D4A65113B6F45C24EB,
				CF221BD13E95A83E22E1507F,
				3307449DCA04E9E12B7B7012,
				1090AEB5EFB367003BF4F5FA,
				0C10435DCFE5B5A36937FE9D,
				37B12E740AE411E0E71B9231,
				9F10E01AE4E4F388082596E8,
				A5FF5EDEC62E4915F3F42229,
				361BCF19CB910C76B74CE443,
				912420F8BD28EE9C4F018488,
				57F52DB31CC22767AD7B1876,
			);
			name = Frameworks;
			sourceTree = "<group>";
		};
		353B871B958D7D045551E1F5 /* Products */ = {
			isa = PBXGroup;
			children = (
				E664AE01ADF21DFBC9B568A6,
				039915C87AE6DCE777C82197,
				DFA6FCCB32A336BDEE760F65,
				0DCC35BBCB002D576CE0CAF0,
			);
			name = Products;
			sourceTree = "<group>";
		};
		38632AE0E9F963D18AF0173D /* Source */ = {
			isa = PBXGroup;
			children = (
				17995859725B657E5B631000,
				AC8C2BF523542DD5C7C58B87,
				8A0DF9B4CC58351212D6E054,
				C7C2A46A4E7EC9B0BE5CBA7C,
				1A90062A6201BB29034DCA63,
				353B871B958D7D045551E1F5,
			);
			name = Source;
			sourceTree = "<group>";
		};
		40A7E7570574427F528C9C53 /* Source */ = {
			isa = PBXGroup;
			children = (
				2081A9923FB6CB76B4C1C12E,
				745EEADDB9F625FB0FEC00C5,
				4E1AC9F10C221EAEDD71F8E9,
				4DF0BF3102F878BF7516EC2D,
				D200A6CCBFCFA72447AEE637,
				AB53A777BFBD66F84ACC59A4,
				1D83EC6A858AD4FE474297DE,
				CDF20C591D729D87CDD89576,
				BCE3E1B837E05924DB8B4691,
				9E49DE86A13A29685CD134E8,
			);
			name = Source;
			sourceTree = "<group>";
		};
		8A0DF9B4CC58351212D6E054 /* JUCE Library Code */ = {
			isa = PBXGroup;
			children = (
				44D5D648ED7AB78463E2EA74,
				EBF18276D948010C358E3604,
				9A1EB1F8548D9CFE2A1F7A08,
				583EC22AF859140D91AA1461,
				017C06DC833A2265582D13F7,
				58F1AE613088E7A31DD05508,
				92B1108CE7762CF019F48EC5,
				32010F20A829387331CA8793,
				63E34A6E860423D0A221C207,
				82710B87DEA3CBA47C5186F2,
				CE3BB3432430935DAECC7BF9,
				6D91621D97BB2D788C959949,
				0E7996F1C6E067E8BD6C3367,
				8B797AE50C078BBF890389DD,
				DC74FB3E3056A7DF8B1A2779,
				C5DE2B537901C8C54F88ABDE,
				7777E7269FD46BF8C5C1539D,
				17654FFB3F33D4FD991FB12A,
				9A4C6AC8EAD9593DCAD9D46B,
				E87002ED3971F44D9E983644,
				0040F54CE16D5FA4BEEC5E7A,
			);
			name = "JUCE Library Code";
			sourceTree = "<group>";
		};
		AC8C2BF523542DD5C7C58B87 /* JUCE Modules */ = {
			isa = PBXGroup;
			children = (
				070E0B812B618E033C870C5D,
				8AA1118566FE58FC6DFA35E3,
				59E239893F04E6927C6A94F6,
				FA2C7D5C8FB87450C47C3619,
				98CBB422DC788F570E21D230,
				DE2D8FF312E15913E677AB02,
				522185D8C2952F37664D47E1,
				83B4D8A6FC2DB2CADA109584,
				1D553D0A062FF4E0A3B76B00,
				7EC45A5D88D06243438A3B4D,
				2018F4EF8E0043580D54D424,
				74968BDEBD056030D33BE36F,
				7C2F8C1BF600A79AE1C65F9C,
			);
			name = "JUCE Modules";
			sourceTree = "<group>";
		};
		C7C2A46A4E7EC9B0BE5CBA7C /* Resources */ = {
			isa = PBXGroup;
			children = (
				C099D2394D9132CDA0817C0F,
				9EE3FF058A3EAFB6F6E4866F,
				1428B035D412FFE229122F66,
				6C11784457DD0D96A538C09B,
			);
			name = Resources;
			sourceTree = "<group>";
		};
/* End PBXGroup section */

/* Begin PBXNativeTarget section */
		1B01BECB9869F28009CEA6C9 /* GrainFMSynth - Shared Code */ = {
			isa = PBXNativeTarget;
			buildConfigurationList = BAC4CA4A766EDDFFA2C5E2A5;
			buildPhases = (
				FA039571E69DFA7CC7FBAFFE,
			);
			buildRules = (
			);
			dependencies = (
			);
			name = "GrainFMSynth - Shared Code";
			productName = GrainFMSynth;
			productReference = 0DCC35BBCB002D576CE0CAF0;
			productType = "com.apple.product-type.library.static";
		};
		1D41ECDFFC1C69524BA2374B /* GrainFMSynth - AU */ = {
			isa = PBXNativeTarget;
			buildConfigurationList = 6669132728388F4B7E89B360;
			buildPhases = (
				3B3FBC4F5D74B40A7D8D6C8B,
				40C08BEB695A49BB045B4CB9,
				24880F9A5A36F1B38729D657,
				927651166668D22306E250D7,
			);
			buildRules = (
			);
			dependencies = (
				F7403FB1791A4D7B617259E8,
			);
			name = "GrainFMSynth - AU";
			productName = GrainFMSynth;
			productReference = 039915C87AE6DCE777C82197;
			productType = "com.apple.product-type.bundle";
		};
		67A9509E235D3292CBEBDA0E /* GrainFMSynth - VST3 */ = {
			isa = PBXNativeTarget;
			buildConfigurationList = EF0563FCB095EBBF02858F7F;
			buildPhases = (
				DEC53E04A9FBEEDE8E6A7246,
				28B0CAD1A602E3531A5B358B,
				01B314DCD362A7A11E78A56E,
			);
			buildRules = (
			);
			dependencies = (
				506C6279CE9BCCAF8FEF1155,
			);
			name = "GrainFMSynth - VST3";
			productName = GrainFMSynth;
			productReference = E664AE01ADF21DFBC9B568A6;
			productType = "com.apple.product-type.bundle";
		};
		AB7235DDDA4A2E68685043C0 /* GrainFMSynth - Standalone Plugin */ = {
			isa = PBXNativeTarget;
			buildConfigurationList = 95D3B0DCCA12A5B3AE198565;
			buildPhases = (
				1F835E021235A4424E48519D,
				3C5AF5C9FF4A5F651FDBC3AD,
				5D644DD2F3187EA8B4B539FC,
			);
			buildRules = (
			);
			dependencies = (
				CF70573E1B383B765B6E540A,
			);
			name = "GrainFMSynth - Standalone Plugin";
			productName = GrainFMSynth;
			productReference = DFA6FCCB32A336BDEE760F65;
			productType = "com.apple.product-type.application";
		};
/* End PBXNativeTarget section */

/* Begin PBXProject section */
		38A5863326568F136C0EA154 = {
			isa = PBXProject;
			attributes = {
				LastUpgradeCheck = 1320;
				ORGANIZATIONNAME = "";
				TargetAttributes = {
					1B01BECB9869F28009CEA6C9 = {
						SystemCapabilities = {
							com.apple.ApplicationGroups.iOS = {
								enabled = 0;
							};
							com.apple.HardenedRuntime = {
								enabled = 0;
							};
							com.apple.InAppPurchase = {
								enabled = 0;
							};
							com.apple.InterAppAudio = {
								enabled = 0;
							};
							com.apple.Push = {
								enabled = 0;
							};
							com.apple.Sandbox = {
								enabled = 0;
							};
						};
					};
					1D41ECDFFC1C69524BA2374B = {
						SystemCapabilities = {
							com.apple.ApplicationGroups.iOS = {
								enabled = 0;
							};
							com.apple.HardenedRuntime = {
								enabled = 0;
							};
							com.apple.InAppPurchase = {
								enabled = 0;
							};
							com.apple.InterAppAudio = {
								enabled = 0;
							};
							com.apple.Push = {
								enabled = 0;
							};
							com.apple.Sandbox = {
								enabled = 0;
							};
						};
					};
					67A9509E235D3292CBEBDA0E = {
						SystemCapabilities = {
							com.apple.ApplicationGroups.iOS = {
								enabled = 0;
							};
							com.apple.HardenedRuntime = {
								enabled = 0;
							};
							com.apple.InAppPurchase = {
								enabled = 0;
							};
							com.apple.InterAppAudio = {
								enabled = 0;
							};
							com.apple.Push = {
								enabled = 0;
							};
							com.apple.Sandbox = {
								enabled = 0;
							};
						};
					};
					AB7235DDDA4A2E68685043C0 = {
						SystemCapabilities = {
							com.apple.ApplicationGroups.iOS = {
								enabled = 0;
							};
							com.apple.HardenedRuntime = {
								enabled = 0;
							};
							com.apple.InAppPurchase = {
								enabled = 0;
							};
							com.apple.InterAppAudio = {
								enabled = 0;
							};
							com.apple.Push = {
								enabled = 0;
							};
							com.apple.Sandbox = {
								enabled = 0;
							};
						};
					};
					DD9508A3DFEFA3A76C2DAFA0 = {
						SystemCapabilities = {
							com.apple.ApplicationGroups.iOS = {
								enabled = 0;
							};
							com.apple.HardenedRuntime = {
								enabled = 0;
							};
							com.apple.InAppPurchase = {
								enabled = 0;
							};
							com.apple.InterAppAudio = {
								enabled = 0;
							};
							com.apple.Push = {
								enabled = 0;
							};
							com.apple.Sandbox = {
								enabled = 0;
							};
						};
					};
				};
			};
			buildConfigurationList = EE540A8BDBBF99E246CC401B;
			compatibilityVersion = "Xcode 3.2";
			hasScannedForEncodings = 0;
			knownRegions = (
				en,
				Base,
			);
			mainGroup = 38632AE0E9F963D18AF0173D;
			projectDirPath = "";
			projectRoot = "";
			targets = (
				DD9508A3DFEFA3A76C2DAFA0,
				67A9509E235D3292CBEBDA0E,
				1D41ECDFFC1C69524BA2374B,
				AB7235DDDA4A2E68685043C0,
				1B01BECB9869F28009CEA6C9,
			);
		};
/* End PBXProject section */

/* Begin PBXResourcesBuildPhase section */
		1F835E021235A4424E48519D = {
			isa = PBXResourcesBuildPhase;
			buildActionMask = 2147483647;
			files = (
				E079EF707DAE3E838AC0C7B8,
			);
			runOnlyForDeploymentPostprocessing = 0;
		};
		3B3FBC4F5D74B40A7D8D6C8B = {
			isa = PBXResourcesBuildPhase;
			buildActionMask = 2147483647;
			files = (
				E079EF707DAE3E838AC0C7B8,
			);
			runOnlyForDeploymentPostprocessing = 0;
		};
		DEC53E04A9FBEEDE8E6A7246 = {
			isa = PBXResourcesBuildPhase;
			buildActionMask = 2147483647;
			files = (
				E079EF707DAE3E838AC0C7B8,
			);
			runOnlyForDeploymentPostprocessing = 0;
		};
/* End PBXResourcesBuildPhase section */

/* Begin PBXRezBuildPhase section */
		40C08BEB695A49BB045B4CB9 = {
			isa = PBXRezBuildPhase;
			buildActionMask = 2147483647;
			files = (
				1A20554AAE55A07DF01133AA,
			);
			runOnlyForDeploymentPostprocessing = 0;
		};
/* End PBXRezBuildPhase section */

/* Begin PBXSourcesBuildPhase section */
		24880F9A5A36F1B38729D657 = {
			isa = PBXSourcesBuildPhase;
			buildActionMask = 2147483647;
			files = (
				67A20FB569CA65038787FC82,
				79154BEC8A4ABE9658597533,
			);
			runOnlyForDeploymentPostprocessing = 0;
		};
		28B0CAD1A602E3531A5B358B = {
			isa = PBXSourcesBuildPhase;
			buildActionMask = 2147483647;
			files = (
				044F2CF777AD2F959732CA69,
			);
			runOnlyForDeploymentPostprocessing = 0;
		};
		3C5AF5C9FF4A5F651FDBC3AD = {
			isa = PBXSourcesBuildPhase;
			buildActionMask = 2147483647;
			files = (
				B771DB250A7B9259BB94B514,
			);
			runOnlyForDeploymentPostprocessing = 0;
		};
		FA039571E69DFA7CC7FBAFFE = {
			isa = PBXSourcesBuildPhase;
			buildActionMask = 2147483647;
			files = (
				B686D4648B54AB01A0FB88E5,
				B9A4269B44B8F3F338C8718F,
				A0A93ED87F70E0E3988324F2,
				6221C0AA58B3130F70D8A6B5,
				DDAD6D9035965E90FB8B9040,
				536105B40744A57504AE7153,
				202714DA4D252BB3C20322CB,
				4E698A82A784559CD22E98A1,
				C182E9EB8F2EB22BAD65EEE4,
				8BDCCFE5811707394C4D699C,
				4DB44556EC0E1380DCFE99C9,
				323C4F253070886B5F0FD8BA,
				314FF251A13EA400F5FE93AC,
				1DD14F45221FE92D28897C5B,
				0A9E31F36C9DA28C96C4695F,
				A0867D1F3112D42BDD3D13A3,
				44EB44BA4BE26464188A9B5D,
				CBD30D88FCCC1CB007ADC301,
			);
			runOnlyForDeploymentPostprocessing = 0;
		};
/* End PBXSourcesBuildPhase section */

/* Begin PBXTargetDependency section */
		506C6279CE9BCCAF8FEF1155 = {
			isa = PBXTargetDependency;
			target = 1B01BECB9869F28009CEA6C9;
		};
		56F1E14633DC39D29B9A8535 = {
			isa = PBXTargetDependency;
			target = 1B01BECB9869F28009CEA6C9;
		};
		762892ED1180159962C56877 = {
			isa = PBXTargetDependency;
			target = 1D41ECDFFC1C69524BA2374B;
		};
		CF70573E1B383B765B6E540A = {
			isa = PBXTargetDependency;
			target = 1B01BECB9869F28009CEA6C9;
		};
		E5C08707CA69E47C0ED062D0 = {
			isa = PBXTargetDependency;
			target = 67A9509E235D3292CBEBDA0E;
		};
		EA84832DFABB78ACA311A966 = {
			isa = PBXTargetDependency;
			target = AB7235DDDA4A2E68685043C0;
		};
		F7403FB1791A4D7B617259E8 = {
			isa = PBXTargetDependency;
			target = 1B01BECB9869F28009CEA6C9;
		};
/* End PBXTargetDependency section */

/* Begin XCBuildConfiguration section */
		13B8AA72591709221ED5CF04 /* Release */ = {
			isa = XCBuildConfiguration;
			buildSettings = {
				ALWAYS_SEARCH_USER_PATHS = NO;
				CLANG_ENABLE_OBJC_WEAK = YES;
				CLANG_WARN_BLOCK_CAPTURE_AUTORELEASING = YES;
				CLANG_WARN_BOOL_CONVERSION = YES;
				CLANG_WARN_COMMA = YES;
				CLANG_WARN_CONSTANT_CONVERSION = YES;
				CLANG_WARN_DEPRECATED_OBJC_IMPLEMENTATIONS = YES;
				CLANG_WARN_EMPTY_BODY = YES;
				CLANG_WARN_ENUM_CONVERSION = YES;
				CLANG_WARN_INFINITE_RECURSION = YES;
				CLANG_WARN_INT_CONVERSION = YES;
				CLANG_WARN_NON_LITERAL_NULL_CONVERSION = YES;
				CLANG_WARN_OBJC_IMPLICIT_RETAIN_SELF = YES;
				CLANG_WARN_OBJC_LITERAL_CONVERSION = YES;
				CLANG_WARN_RANGE_LOOP_ANALYSIS = YES;
				CLANG_WARN_STRICT_PROTOTYPES = YES;
				CLANG_WARN_SUSPICIOUS_MOVE = YES;
				CLANG_WARN_UNREACHABLE_CODE = YES;
				CLANG_WARN__DUPLICATE_METHOD_MATCH = YES;
				CODE_SIGN_IDENTITY = "";
				DEBUG_INFORMATION_FORMAT = dwarf;
				ENABLE_STRICT_OBJC_MSGSEND = YES;
				ENABLE_TESTABILITY = NO;
				GCC_C_LANGUAGE_STANDARD = c11;
				GCC_INLINES_ARE_PRIVATE_EXTERN = YES;
				GCC_MODEL_TUNING = G5;
				GCC_NO_COMMON_BLOCKS = YES;
				GCC_SYMBOLS_PRIVATE_EXTERN = YES;
				GCC_WARN_64_TO_32_BIT_CONVERSION = YES;
				GCC_WARN_ABOUT_RETURN_TYPE = YES;
				GCC_WARN_CHECK_SWITCH_STATEMENTS = YES;
				GCC_WARN_MISSING_PARENTHESES = YES;
				GCC_WARN_NON_VIRTUAL_DESTRUCTOR = YES;
				GCC_WARN_TYPECHECK_CALLS_TO_PRINTF = YES;
				GCC_WARN_UNDECLARED_SELECTOR = YES;
				GCC_WARN_UNINITIALIZED_AUTOS = YES;
				GCC_WARN_UNUSED_FUNCTION = YES;
				GCC_WARN_UNUSED_VARIABLE = YES;
				PRODUCT_NAME = "GrainFMSynth";
				SDKROOT = macosx;
				WARNING_CFLAGS = "-Wreorder";
				ZERO_LINK = NO;
			};
			name = Release;
		};
		26ECB7E8452F1316F894FE65 /* Debug */ = {
			isa = XCBuildConfiguration;
			buildSettings = {
				CLANG_CXX_LANGUAGE_STANDARD = "c++17";
				CLANG_CXX_LIBRARY = "libc++";
				CLANG_LINK_OBJC_RUNTIME = NO;
				CODE_SIGN_IDENTITY = "";
				COMBINE_HIDPI_IMAGES = YES;
				CONFIGURATION_BUILD_DIR = "$(PROJECT_DIR)/build/$(CONFIGURATION)";
				COPY_PHASE_STRIP = NO;
				EXCLUDED_ARCHS = "";
				GCC_DYNAMIC_NO_PIC = NO;
				GCC_OPTIMIZATION_LEVEL = 0;
				GCC_PREPROCESSOR_DEFINITIONS = (
					"_DEBUG=1",
					"DEBUG=1",
					"JUCE_DISPLAY_SPLASH_SCREEN=0",
					"JUCE_USE_DARK_SPLASH_SCREEN=1",
					"JUCE_PROJUCER_VERSION=0x60106",
					"JUCE_MODULE_AVAILABLE_juce_audio_basics=1",
					"JUCE_MODULE_AVAILABLE_juce_audio_devices=1",
					"JUCE_MODULE_AVAILABLE_juce_audio_formats=1",
					"JUCE_MODULE_AVAILABLE_juce_audio_plugin_client=1",
					"JUCE_MODULE_AVAILABLE_juce_audio_processors=1",
					"JUCE_MODULE_AVAILABLE_juce_audio_utils=1",
					"JUCE_MODULE_AVAILABLE_juce_core=1",
					"JUCE_MODULE_AVAILABLE_juce_data_structures=1",
					"JUCE_MODULE_AVAILABLE_juce_dsp=1",
					"JUCE_MODULE_AVAILABLE_juce_events=1",
					"JUCE_MODULE_AVAILABLE_juce_graphics=1",
					"JUCE_MODULE_AVAILABLE_juce_gui_basics=1",
					"JUCE_MODULE_AVAILABLE_juce_gui_extra=1",
					"JUCE_GLOBAL_MODULE_SETTINGS_INCLUDED=1",
					"JUCE_VST3_CAN_REPLACE_VST2=0",
					"JUCE_STRICT_REFCOUNTEDPOINTER=1",
					"JucePlugin_Build_VST=0",
					"JucePlugin_Build_VST3=1",
					"JucePlugin_Build_AU=1",
					"JucePlugin_Build_AUv3=0",
					"JucePlugin_Build_RTAS=0",
					"JucePlugin_Build_AAX=0",
					"JucePlugin_Build_Standalone=1",
					"JucePlugin_Build_Unity=0",
					"JucePlugin_Enable_IAA=0",
					"JucePlugin_Name=\\\"GrainFMSynth\\\"",
					"JucePlugin_Desc=\\\"GrainFMSynth\\\"",
					"JucePlugin_Manufacturer=\\\"yourcompany\\\"",
					"JucePlugin_ManufacturerWebsite=\\\"\\\"",
					"JucePlugin_ManufacturerEmail=\\\"\\\"",
					"JucePlugin_ManufacturerCode=0x4d616e75",
					"JucePlugin_PluginCode=0x49726675",
					"JucePlugin_IsSynth=1",
					"JucePlugin_WantsMidiInput=1",
					"JucePlugin_ProducesMidiOutput=0",
					"JucePlugin_IsMidiEffect=0",
					"JucePlugin_EditorRequiresKeyboardFocus=0",
					"JucePlugin_Version=1.0.0",
					"JucePlugin_VersionCode=0x10000",
					"JucePlugin_VersionString=\\\"1.0.0\\\"",
					"JucePlugin_VSTUniqueID=JucePlugin_PluginCode",
					"JucePlugin_VSTCategory=kPlugCategSynth",
					"JucePlugin_Vst3Category=\\\"Instrument|Synth\\\"",
					"JucePlugin_AUMainType=\\'aumu\\'",
					"JucePlugin_AUSubType=JucePlugin_PluginCode",
					"JucePlugin_AUExportPrefix=GrainFMSynthAU",
					"JucePlugin_AUExportPrefixQuoted=\\\"GrainFMSynthAU\\\"",
					"JucePlugin_AUManufacturerCode=JucePlugin_ManufacturerCode",
					"JucePlugin_CFBundleIdentifier=com.yourcompany.GrainFMSynth",
					"JucePlugin_RTASCategory=2048",
					"JucePlugin_RTASManufacturerCode=JucePlugin_ManufacturerCode",
					"JucePlugin_RTASProductId=JucePlugin_PluginCode",
					"JucePlugin_RTASDisableBypass=0",
					"JucePlugin_RTASDisableMultiMono=0",
					"JucePlugin_AAXIdentifier=com.yourcompany.GrainFMSynth",
					"JucePlugin_AAXManufacturerCode=JucePlugin_ManufacturerCode",
					"JucePlugin_AAXProductId=JucePlugin_PluginCode",
					"JucePlugin_AAXCategory=2048",
					"JucePlugin_AAXDisableBypass=0",
					"JucePlugin_AAXDisableMultiMono=0",
					"JucePlugin_IAAType=0x61757269",
					"JucePlugin_IAASubType=JucePlugin_PluginCode",
					"JucePlugin_IAAName=\\\"yourcompany:\\ GrainFMSynth\\\"",
					"JucePlugin_VSTNumMidiInputs=16",
					"JucePlugin_VSTNumMidiOutputs=16",
					"JUCE_STANDALONE_APPLICATION=JucePlugin_Build_Standalone",
					"JUCER_XCODE_MAC_F6D2F4CF=1",
					"JUCE_APP_VERSION=1.0.0",
					"JUCE_APP_VERSION_HEX=0x10000",
					"JUCE_SHARED_CODE=1",
				);
				GCC_VERSION = com.apple.compilers.llvm.clang.1_0;
				HEADER_SEARCH_PATHS = (
					"/Users/jef/Documents/Dev/juce/JUCE/modules/juce_audio_processors/format_types/VST3_SDK",
					"/Users/jef/Documents/Dev/iPlug2/iplug2/Dependencies/IPlug/VST2_SDK",
					"$(SRCROOT)/../../JuceLibraryCode",
					"/Users/jef/Documents/Dev/juce/JUCE/modules",
					"/Users/jef/Documents/Dev/juce/JUCE/modules/juce_audio_plugin_client",
					"$(inherited)",
				);
				INSTALL_PATH = "@executable_path/../Frameworks";
				MACOSX_DEPLOYMENT_TARGET = 10.11;
				MTL_HEADER_SEARCH_PATHS = "/Users/jef/Documents/Dev/juce/JUCE/modules/juce_audio_processors/format_types/VST3_SDK /Users/jef/Documents/Dev/iPlug2/iplug2/Dependencies/IPlug/VST2_SDK $(SRCROOT)/../../JuceLibraryCode /Users/jef/Documents/Dev/juce/JUCE/modules /Users/jef/Documents/Dev/juce/JUCE/modules/juce_audio_plugin_client";
				PRODUCT_BUNDLE_IDENTIFIER = com.yourcompany.GrainFMSynth;
				PRODUCT_NAME = "GrainFMSynth";
				SKIP_INSTALL = YES;
				USE_HEADERMAP = NO;
				VALID_ARCHS = "i386 x86_64 arm64 arm64e";
			};
			name = Debug;
		};
		328EA103E5561DB9C98BD80F /* Debug */ = {
			isa = XCBuildConfiguration;
			buildSettings = {
				ALWAYS_SEARCH_USER_PATHS = NO;
				CLANG_ENABLE_OBJC_WEAK = YES;
				CLANG_WARN_BLOCK_CAPTURE_AUTORELEASING = YES;
				CLANG_WARN_BOOL_CONVERSION = YES;
				CLANG_WARN_COMMA = YES;
				CLANG_WARN_CONSTANT_CONVERSION = YES;
				CLANG_WARN_DEPRECATED_OBJC_IMPLEMENTATIONS = YES;
				CLANG_WARN_EMPTY_BODY = YES;
				CLANG_WARN_ENUM_CONVERSION = YES;
				CLANG_WARN_INFINITE_RECURSION = YES;
				CLANG_WARN_INT_CONVERSION = YES;
				CLANG_WARN_NON_LITERAL_NULL_CONVERSION = YES;
				CLANG_WARN_OBJC_IMPLICIT_RETAIN_SELF = YES;
				CLANG_WARN_OBJC_LITERAL_CONVERSION = YES;
				CLANG_WARN_RANGE_LOOP_ANALYSIS = YES;
				CLANG_WARN_STRICT_PROTOTYPES = YES;
				CLANG_WARN_SUSPICIOUS_MOVE = YES;
				CLANG_WARN_UNREACHABLE_CODE = YES;
				CLANG_WARN__DUPLICATE_METHOD_MATCH = YES;
				CODE_SIGN_IDENTITY = "";
				DEBUG_INFORMATION_FORMAT = dwarf;
				ENABLE_STRICT_OBJC_MSGSEND = YES;
				ENABLE_TESTABILITY = NO;
				GCC_C_LANGUAGE_STANDARD = c11;
				GCC_INLINES_ARE_PRIVATE_EXTERN = YES;
				GCC_MODEL_TUNING = G5;
				GCC_NO_COMMON_BLOCKS = YES;
				GCC_SYMBOLS_PRIVATE_EXTERN = YES;
				GCC_WARN_64_TO_32_BIT_CONVERSION = YES;
				GCC_WARN_ABOUT_RETURN_TYPE = YES;
				GCC_WARN_CHECK_SWITCH_STATEMENTS = YES;
				GCC_WARN_MISSING_PARENTHESES = YES;
				GCC_WARN_NON_VIRTUAL_DESTRUCTOR = YES;
				GCC_WARN_TYPECHECK_CALLS_TO_PRINTF = YES;
				GCC_WARN_UNDECLARED_SELECTOR = YES;
				GCC_WARN_UNINITIALIZED_AUTOS = YES;
				GCC_WARN_UNUSED_FUNCTION = YES;
				GCC_WARN_UNUSED_VARIABLE = YES;
				ONLY_ACTIVE_ARCH = YES;
				PRODUCT_NAME = "GrainFMSynth";
				SDKROOT = macosx;
				WARNING_CFLAGS = "-Wreorder";
				ZERO_LINK = NO;
			};
			name = Debug;
		};
		34582C0F7993C6AFC268FE92 /* Debug */ = {
			isa = XCBuildConfiguration;
			buildSettings = {
				MACOSX_DEPLOYMENT_TARGET = 10.11;
				SDKROOT = macosx;
			};
			name = Debug;
		};
		45437DBDFDAF357482E38781 /* Release */ = {
			isa = XCBuildConfiguration;
			buildSettings = {
				CLANG_CXX_LANGUAGE_STANDARD = "c++17";
				CLANG_CXX_LIBRARY = "libc++";
				CLANG_LINK_OBJC_RUNTIME = NO;
				CODE_SIGN_IDENTITY = "";
				COMBINE_HIDPI_IMAGES = YES;
				CONFIGURATION_BUILD_DIR = "$(PROJECT_DIR)/build/$(CONFIGURATION)";
				DEAD_CODE_STRIPPING = YES;
				EXCLUDED_ARCHS = "";
				GCC_GENERATE_DEBUGGING_SYMBOLS = NO;
				GCC_OPTIMIZATION_LEVEL = 3;
				GCC_PREPROCESSOR_DEFINITIONS = (
					"_NDEBUG=1",
					"NDEBUG=1",
					"JUCE_DISPLAY_SPLASH_SCREEN=0",
					"JUCE_USE_DARK_SPLASH_SCREEN=1",
					"JUCE_PROJUCER_VERSION=0x60106",
					"JUCE_MODULE_AVAILABLE_juce_audio_basics=1",
					"JUCE_MODULE_AVAILABLE_juce_audio_devices=1",
					"JUCE_MODULE_AVAILABLE_juce_audio_formats=1",
					"JUCE_MODULE_AVAILABLE_juce_audio_plugin_client=1",
					"JUCE_MODULE_AVAILABLE_juce_audio_processors=1",
					"JUCE_MODULE_AVAILABLE_juce_audio_utils=1",
					"JUCE_MODULE_AVAILABLE_juce_core=1",
					"JUCE_MODULE_AVAILABLE_juce_data_structures=1",
					"JUCE_MODULE_AVAILABLE_juce_dsp=1",
					"JUCE_MODULE_AVAILABLE_juce_events=1",
					"JUCE_MODULE_AVAILABLE_juce_graphics=1",
					"JUCE_MODULE_AVAILABLE_juce_gui_basics=1",
					"JUCE_MODULE_AVAILABLE_juce_gui_extra=1",
					"JUCE_GLOBAL_MODULE_SETTINGS_INCLUDED=1",
					"JUCE_VST3_CAN_REPLACE_VST2=0",
					"JUCE_STRICT_REFCOUNTEDPOINTER=1",
					"JucePlugin_Build_VST=0",
					"JucePlugin_Build_VST3=0",
					"JucePlugin_Build_AU=0",
					"JucePlugin_Build_AUv3=0",
					"JucePlugin_Build_RTAS=0",
					"JucePlugin_Build_AAX=0",
					"JucePlugin_Build_Standalone=1",
					"JucePlugin_Build_Unity=0",
					"JucePlugin_Enable_IAA=0",
					"JucePlugin_Name=\\\"GrainFMSynth\\\"",
					"JucePlugin_Desc=\\\"GrainFMSynth\\\"",
					"JucePlugin_Manufacturer=\\\"yourcompany\\\"",
					"JucePlugin_ManufacturerWebsite=\\\"\\\"",
					"JucePlugin_ManufacturerEmail=\\\"\\\"",
					"JucePlugin_ManufacturerCode=0x4d616e75",
					"JucePlugin_PluginCode=0x49726675",
					"JucePlugin_IsSynth=1",
					"JucePlugin_WantsMidiInput=1",
					"JucePlugin_ProducesMidiOutput=0",
					"JucePlugin_IsMidiEffect=0",
					"JucePlugin_EditorRequiresKeyboardFocus=0",
					"JucePlugin_Version=1.0.0",
					"JucePlugin_VersionCode=0x10000",
					"JucePlugin_VersionString=\\\"1.0.0\\\"",
					"JucePlugin_VSTUniqueID=JucePlugin_PluginCode",
					"JucePlugin_VSTCategory=kPlugCategSynth",
					"JucePlugin_Vst3Category=\\\"Instrument|Synth\\\"",
					"JucePlugin_AUMainType=\\'aumu\\'",
					"JucePlugin_AUSubType=JucePlugin_PluginCode",
					"JucePlugin_AUExportPrefix=GrainFMSynthAU",
					"JucePlugin_AUExportPrefixQuoted=\\\"GrainFMSynthAU\\\"",
					"JucePlugin_AUManufacturerCode=JucePlugin_ManufacturerCode",
					"JucePlugin_CFBundleIdentifier=com.yourcompany.GrainFMSynth",
					"JucePlugin_RTASCategory=2048",
					"JucePlugin_RTASManufacturerCode=JucePlugin_ManufacturerCode",
					"JucePlugin_RTASProductId=JucePlugin_PluginCode",
					"JucePlugin_RTASDisableBypass=0",
					"JucePlugin_RTASDisableMultiMono=0",
					"JucePlugin_AAXIdentifier=com.yourcompany.GrainFMSynth",
					"JucePlugin_AAXManufacturerCode=JucePlugin_ManufacturerCode",
					"JucePlugin_AAXProductId=JucePlugin_PluginCode",
					"JucePlugin_AAXCategory=2048",
					"JucePlugin_AAXDisableBypass=0",
					"JucePlugin_AAXDisableMultiMono=0",
					"JucePlugin_IAAType=0x61757269",
					"JucePlugin_IAASubType=JucePlugin_PluginCode",
					"JucePlugin_IAAName=\\\"yourcompany:\\ GrainFMSynth\\\"",
					"JucePlugin_VSTNumMidiInputs=16",
					"JucePlugin_VSTNumMidiOutputs=16",
					"JUCE_STANDALONE_APPLICATION=JucePlugin_Build_Standalone",
					"JUCER_XCODE_MAC_F6D2F4CF=1",
					"JUCE_APP_VERSION=1.0.0",
					"JUCE_APP_VERSION_HEX=0x10000",
				);
				GCC_VERSION = com.apple.compilers.llvm.clang.1_0;
				HEADER_SEARCH_PATHS = (
					"/Users/jef/Documents/Dev/juce/JUCE/modules/juce_audio_processors/format_types/VST3_SDK",
					"/Users/jef/Documents/Dev/iPlug2/iplug2/Dependencies/IPlug/VST2_SDK",
					"$(SRCROOT)/../../JuceLibraryCode",
					"/Users/jef/Documents/Dev/juce/JUCE/modules",
					"/Users/jef/Documents/Dev/juce/JUCE/modules/juce_audio_plugin_client",
					"$(inherited)",
				);
				INFOPLIST_FILE = Info-Standalone_Plugin.plist;
				INFOPLIST_PREPROCESS = NO;
				LLVM_LTO = YES;
				MACOSX_DEPLOYMENT_TARGET = 10.11;
				MTL_HEADER_SEARCH_PATHS = "/Users/jef/Documents/Dev/juce/JUCE/modules/juce_audio_processors/format_types/VST3_SDK /Users/jef/Documents/Dev/iPlug2/iplug2/Dependencies/IPlug/VST2_SDK $(SRCROOT)/../../JuceLibraryCode /Users/jef/Documents/Dev/juce/JUCE/modules /Users/jef/Documents/Dev/juce/JUCE/modules/juce_audio_plugin_client";
				OTHER_LDFLAGS = "-lGrainFMSynth";
				PRODUCT_BUNDLE_IDENTIFIER = com.yourcompany.GrainFMSynth;
				PRODUCT_NAME = "GrainFMSynth";
				USE_HEADERMAP = NO;
				VALID_ARCHS = "i386 x86_64 arm64 arm64e";
			};
			name = Release;
		};
		5A2106EF450D1709F18C6563 /* Debug */ = {
			isa = XCBuildConfiguration;
			buildSettings = {
				CLANG_CXX_LANGUAGE_STANDARD = "c++17";
				CLANG_CXX_LIBRARY = "libc++";
				CLANG_LINK_OBJC_RUNTIME = NO;
				CODE_SIGN_IDENTITY = "";
				COMBINE_HIDPI_IMAGES = YES;
				CONFIGURATION_BUILD_DIR = "$(PROJECT_DIR)/build/$(CONFIGURATION)";
				COPY_PHASE_STRIP = NO;
				DEPLOYMENT_LOCATION = YES;
				DSTROOT = /;
				EXCLUDED_ARCHS = "";
				GCC_DYNAMIC_NO_PIC = NO;
				GCC_OPTIMIZATION_LEVEL = 0;
				GCC_PREPROCESSOR_DEFINITIONS = (
					"_DEBUG=1",
					"DEBUG=1",
					"JUCE_DISPLAY_SPLASH_SCREEN=0",
					"JUCE_USE_DARK_SPLASH_SCREEN=1",
					"JUCE_PROJUCER_VERSION=0x60106",
					"JUCE_MODULE_AVAILABLE_juce_audio_basics=1",
					"JUCE_MODULE_AVAILABLE_juce_audio_devices=1",
					"JUCE_MODULE_AVAILABLE_juce_audio_formats=1",
					"JUCE_MODULE_AVAILABLE_juce_audio_plugin_client=1",
					"JUCE_MODULE_AVAILABLE_juce_audio_processors=1",
					"JUCE_MODULE_AVAILABLE_juce_audio_utils=1",
					"JUCE_MODULE_AVAILABLE_juce_core=1",
					"JUCE_MODULE_AVAILABLE_juce_data_structures=1",
					"JUCE_MODULE_AVAILABLE_juce_dsp=1",
					"JUCE_MODULE_AVAILABLE_juce_events=1",
					"JUCE_MODULE_AVAILABLE_juce_graphics=1",
					"JUCE_MODULE_AVAILABLE_juce_gui_basics=1",
					"JUCE_MODULE_AVAILABLE_juce_gui_extra=1",
					"JUCE_GLOBAL_MODULE_SETTINGS_INCLUDED=1",
					"JUCE_VST3_CAN_REPLACE_VST2=0",
					"JUCE_STRICT_REFCOUNTEDPOINTER=1",
					"JucePlugin_Build_VST=0",
					"JucePlugin_Build_VST3=1",
					"JucePlugin_Build_AU=0",
					"JucePlugin_Build_AUv3=0",
					"JucePlugin_Build_RTAS=0",
					"JucePlugin_Build_AAX=0",
					"JucePlugin_Build_Standalone=0",
					"JucePlugin_Build_Unity=0",
					"JucePlugin_Enable_IAA=0",
					"JucePlugin_Name=\\\"GrainFMSynth\\\"",
					"JucePlugin_Desc=\\\"GrainFMSynth\\\"",
					"JucePlugin_Manufacturer=\\\"yourcompany\\\"",
					"JucePlugin_ManufacturerWebsite=\\\"\\\"",
					"JucePlugin_ManufacturerEmail=\\\"\\\"",
					"JucePlugin_ManufacturerCode=0x4d616e75",
					"JucePlugin_PluginCode=0x49726675",
					"JucePlugin_IsSynth=1",
					"JucePlugin_WantsMidiInput=1",
					"JucePlugin_ProducesMidiOutput=0",
					"JucePlugin_IsMidiEffect=0",
					"JucePlugin_EditorRequiresKeyboardFocus=0",
					"JucePlugin_Version=1.0.0",
					"JucePlugin_VersionCode=0x10000",
					"JucePlugin_VersionString=\\\"1.0.0\\\"",
					"JucePlugin_VSTUniqueID=JucePlugin_PluginCode",
					"JucePlugin_VSTCategory=kPlugCategSynth",
					"JucePlugin_Vst3Category=\\\"Instrument|Synth\\\"",
					"JucePlugin_AUMainType=\\'aumu\\'",
					"JucePlugin_AUSubType=JucePlugin_PluginCode",
					"JucePlugin_AUExportPrefix=GrainFMSynthAU",
					"JucePlugin_AUExportPrefixQuoted=\\\"GrainFMSynthAU\\\"",
					"JucePlugin_AUManufacturerCode=JucePlugin_ManufacturerCode",
					"JucePlugin_CFBundleIdentifier=com.yourcompany.GrainFMSynth",
					"JucePlugin_RTASCategory=2048",
					"JucePlugin_RTASManufacturerCode=JucePlugin_ManufacturerCode",
					"JucePlugin_RTASProductId=JucePlugin_PluginCode",
					"JucePlugin_RTASDisableBypass=0",
					"JucePlugin_RTASDisableMultiMono=0",
					"JucePlugin_AAXIdentifier=com.yourcompany.GrainFMSynth",
					"JucePlugin_AAXManufacturerCode=JucePlugin_ManufacturerCode",
					"JucePlugin_AAXProductId=JucePlugin_PluginCode",
					"JucePlugin_AAXCategory=2048",
					"JucePlugin_AAXDisableBypass=0",
					"JucePlugin_AAXDisableMultiMono=0",
					"JucePlugin_IAAType=0x61757269",
					"JucePlugin_IAASubType=JucePlugin_PluginCode",
					"JucePlugin_IAAName=\\\"yourcompany:\\ GrainFMSynth\\\"",
					"JucePlugin_VSTNumMidiInputs=16",
					"JucePlugin_VSTNumMidiOutputs=16",
					"JUCE_STANDALONE_APPLICATION=JucePlugin_Build_Standalone",
					"JUCER_XCODE_MAC_F6D2F4CF=1",
					"JUCE_APP_VERSION=1.0.0",
					"JUCE_APP_VERSION_HEX=0x10000",
				);
				GCC_VERSION = com.apple.compilers.llvm.clang.1_0;
				GENERATE_PKGINFO_FILE = YES;
				HEADER_SEARCH_PATHS = (
					"/Users/jef/Documents/Dev/juce/JUCE/modules/juce_audio_processors/format_types/VST3_SDK",
					"/Users/jef/Documents/Dev/iPlug2/iplug2/Dependencies/IPlug/VST2_SDK",
					"$(SRCROOT)/../../JuceLibraryCode",
					"/Users/jef/Documents/Dev/juce/JUCE/modules",
					"/Users/jef/Documents/Dev/juce/JUCE/modules/juce_audio_plugin_client",
					"$(inherited)",
				);
				INFOPLIST_FILE = Info-VST3.plist;
				INFOPLIST_PREPROCESS = NO;
				INSTALL_PATH = "$(HOME)/Library/Audio/Plug-Ins/VST3/";
				LIBRARY_STYLE = Bundle;
				MACOSX_DEPLOYMENT_TARGET = 10.11;
				MTL_HEADER_SEARCH_PATHS = "/Users/jef/Documents/Dev/juce/JUCE/modules/juce_audio_processors/format_types/VST3_SDK /Users/jef/Documents/Dev/iPlug2/iplug2/Dependencies/IPlug/VST2_SDK $(SRCROOT)/../../JuceLibraryCode /Users/jef/Documents/Dev/juce/JUCE/modules /Users/jef/Documents/Dev/juce/JUCE/modules/juce_audio_plugin_client";
				OTHER_LDFLAGS = "-bundle -lGrainFMSynth";
				PRODUCT_BUNDLE_IDENTIFIER = com.yourcompany.GrainFMSynth;
				PRODUCT_NAME = "GrainFMSynth";
				USE_HEADERMAP = NO;
				VALID_ARCHS = "i386 x86_64 arm64 arm64e";
				WRAPPER_EXTENSION = vst3;
			};
			name = Debug;
		};
		9E6D1D2D51CD9CD28B6DC545 /* Debug */ = {
			isa = XCBuildConfiguration;
			buildSettings = {
				CLANG_CXX_LANGUAGE_STANDARD = "c++17";
				CLANG_CXX_LIBRARY = "libc++";
				CLANG_LINK_OBJC_RUNTIME = NO;
				CODE_SIGN_IDENTITY = "";
				COMBINE_HIDPI_IMAGES = YES;
				CONFIGURATION_BUILD_DIR = "$(PROJECT_DIR)/build/$(CONFIGURATION)";
				COPY_PHASE_STRIP = NO;
				EXCLUDED_ARCHS = "";
				GCC_DYNAMIC_NO_PIC = NO;
				GCC_OPTIMIZATION_LEVEL = 0;
				GCC_PREPROCESSOR_DEFINITIONS = (
					"_DEBUG=1",
					"DEBUG=1",
					"JUCE_DISPLAY_SPLASH_SCREEN=0",
					"JUCE_USE_DARK_SPLASH_SCREEN=1",
					"JUCE_PROJUCER_VERSION=0x60106",
					"JUCE_MODULE_AVAILABLE_juce_audio_basics=1",
					"JUCE_MODULE_AVAILABLE_juce_audio_devices=1",
					"JUCE_MODULE_AVAILABLE_juce_audio_formats=1",
					"JUCE_MODULE_AVAILABLE_juce_audio_plugin_client=1",
					"JUCE_MODULE_AVAILABLE_juce_audio_processors=1",
					"JUCE_MODULE_AVAILABLE_juce_audio_utils=1",
					"JUCE_MODULE_AVAILABLE_juce_core=1",
					"JUCE_MODULE_AVAILABLE_juce_data_structures=1",
					"JUCE_MODULE_AVAILABLE_juce_dsp=1",
					"JUCE_MODULE_AVAILABLE_juce_events=1",
					"JUCE_MODULE_AVAILABLE_juce_graphics=1",
					"JUCE_MODULE_AVAILABLE_juce_gui_basics=1",
					"JUCE_MODULE_AVAILABLE_juce_gui_extra=1",
					"JUCE_GLOBAL_MODULE_SETTINGS_INCLUDED=1",
					"JUCE_VST3_CAN_REPLACE_VST2=0",
					"JUCE_STRICT_REFCOUNTEDPOINTER=1",
					"JucePlugin_Build_VST=0",
					"JucePlugin_Build_VST3=0",
					"JucePlugin_Build_AU=0",
					"JucePlugin_Build_AUv3=0",
					"JucePlugin_Build_RTAS=0",
					"JucePlugin_Build_AAX=0",
					"JucePlugin_Build_Standalone=1",
					"JucePlugin_Build_Unity=0",
					"JucePlugin_Enable_IAA=0",
					"JucePlugin_Name=\\\"GrainFMSynth\\\"",
					"JucePlugin_Desc=\\\"GrainFMSynth\\\"",
					"JucePlugin_Manufacturer=\\\"yourcompany\\\"",
					"JucePlugin_ManufacturerWebsite=\\\"\\\"",
					"JucePlugin_ManufacturerEmail=\\\"\\\"",
					"JucePlugin_ManufacturerCode=0x4d616e75",
					"JucePlugin_PluginCode=0x49726675",
					"JucePlugin_IsSynth=1",
					"JucePlugin_WantsMidiInput=1",
					"JucePlugin_ProducesMidiOutput=0",
					"JucePlugin_IsMidiEffect=0",
					"JucePlugin_EditorRequiresKeyboardFocus=0",
					"JucePlugin_Version=1.0.0",
					"JucePlugin_VersionCode=0x10000",
					"JucePlugin_VersionString=\\\"1.0.0\\\"",
					"JucePlugin_VSTUniqueID=JucePlugin_PluginCode",
					"JucePlugin_VSTCategory=kPlugCategSynth",
					"JucePlugin_Vst3Category=\\\"Instrument|Synth\\\"",
					"JucePlugin_AUMainType=\\'aumu\\'",
					"JucePlugin_AUSubType=JucePlugin_PluginCode",
					"JucePlugin_AUExportPrefix=GrainFMSynthAU",
					"JucePlugin_AUExportPrefixQuoted=\\\"GrainFMSynthAU\\\"",
					"JucePlugin_AUManufacturerCode=JucePlugin_ManufacturerCode",
					"JucePlugin_CFBundleIdentifier=com.yourcompany.GrainFMSynth",
					"JucePlugin_RTASCategory=2048",
					"JucePlugin_RTASManufacturerCode=JucePlugin_ManufacturerCode",
					"JucePlugin_RTASProductId=JucePlugin_PluginCode",
					"JucePlugin_RTASDisableBypass=0",
					"JucePlugin_RTASDisableMultiMono=0",
					"JucePlugin_AAXIdentifier=com.yourcompany.GrainFMSynth",
					"JucePlugin_AAXManufacturerCode=JucePlugin_ManufacturerCode",
					"JucePlugin_AAXProductId=JucePlugin_PluginCode",
					"JucePlugin_AAXCategory=2048",
					"JucePlugin_AAXDisableBypass=0",
					"JucePlugin_AAXDisableMultiMono=0",
					"JucePlugin_IAAType=0x61757269",
					"JucePlugin_IAASubType=JucePlugin_PluginCode",
					"JucePlugin_IAAName=\\\"yourcompany:\\ GrainFMSynth\\\"",
					"JucePlugin_VSTNumMidiInputs=16",
					"JucePlugin_VSTNumMidiOutputs=16",
					"JUCE_STANDALONE_APPLICATION=JucePlugin_Build_Standalone",
					"JUCER_XCODE_MAC_F6D2F4CF=1",
					"JUCE_APP_VERSION=1.0.0",
					"JUCE_APP_VERSION_HEX=0x10000",
				);
				GCC_VERSION = com.apple.compilers.llvm.clang.1_0;
				HEADER_SEARCH_PATHS = (
					"/Users/jef/Documents/Dev/juce/JUCE/modules/juce_audio_processors/format_types/VST3_SDK",
					"/Users/jef/Documents/Dev/iPlug2/iplug2/Dependencies/IPlug/VST2_SDK",
					"$(SRCROOT)/../../JuceLibraryCode",
					"/Users/jef/Documents/Dev/juce/JUCE/modules",
					"/Users/jef/Documents/Dev/juce/JUCE/modules/juce_audio_plugin_client",
					"$(inherited)",
				);
				INFOPLIST_FILE = Info-Standalone_Plugin.plist;
				INFOPLIST_PREPROCESS = NO;
				MACOSX_DEPLOYMENT_TARGET = 10.11;
				MTL_HEADER_SEARCH_PATHS = "/Users/jef/Documents/Dev/juce/JUCE/modules/juce_audio_processors/format_types/VST3_SDK /Users/jef/Documents/Dev/iPlug2/iplug2/Dependencies/IPlug/VST2_SDK $(SRCROOT)/../../JuceLibraryCode /Users/jef/Documents/Dev/juce/JUCE/modules /Users/jef/Documents/Dev/juce/JUCE/modules/juce_audio_plugin_client";
				OTHER_LDFLAGS = "-lGrainFMSynth";
				PRODUCT_BUNDLE_IDENTIFIER = com.yourcompany.GrainFMSynth;
				PRODUCT_NAME = "GrainFMSynth";
				USE_HEADERMAP = NO;
				VALID_ARCHS = "i386 x86_64 arm64 arm64e";
			};
			name = Debug;
		};
		B411048C678B194C82236A3B /* Release */ = {
			isa = XCBuildConfiguration;
			buildSettings = {
				CLANG_CXX_LANGUAGE_STANDARD = "c++17";
				CLANG_CXX_LIBRARY = "libc++";
				CLANG_LINK_OBJC_RUNTIME = NO;
				CODE_SIGN_IDENTITY = "";
				COMBINE_HIDPI_IMAGES = YES;
				CONFIGURATION_BUILD_DIR = "$(PROJECT_DIR)/build/$(CONFIGURATION)";
				DEAD_CODE_STRIPPING = YES;
				EXCLUDED_ARCHS = "";
				GCC_GENERATE_DEBUGGING_SYMBOLS = NO;
				GCC_OPTIMIZATION_LEVEL = 3;
				GCC_PREPROCESSOR_DEFINITIONS = (
					"_NDEBUG=1",
					"NDEBUG=1",
					"JUCE_DISPLAY_SPLASH_SCREEN=0",
					"JUCE_USE_DARK_SPLASH_SCREEN=1",
					"JUCE_PROJUCER_VERSION=0x60106",
					"JUCE_MODULE_AVAILABLE_juce_audio_basics=1",
					"JUCE_MODULE_AVAILABLE_juce_audio_devices=1",
					"JUCE_MODULE_AVAILABLE_juce_audio_formats=1",
					"JUCE_MODULE_AVAILABLE_juce_audio_plugin_client=1",
					"JUCE_MODULE_AVAILABLE_juce_audio_processors=1",
					"JUCE_MODULE_AVAILABLE_juce_audio_utils=1",
					"JUCE_MODULE_AVAILABLE_juce_core=1",
					"JUCE_MODULE_AVAILABLE_juce_data_structures=1",
					"JUCE_MODULE_AVAILABLE_juce_dsp=1",
					"JUCE_MODULE_AVAILABLE_juce_events=1",
					"JUCE_MODULE_AVAILABLE_juce_graphics=1",
					"JUCE_MODULE_AVAILABLE_juce_gui_basics=1",
					"JUCE_MODULE_AVAILABLE_juce_gui_extra=1",
					"JUCE_GLOBAL_MODULE_SETTINGS_INCLUDED=1",
					"JUCE_VST3_CAN_REPLACE_VST2=0",
					"JUCE_STRICT_REFCOUNTEDPOINTER=1",
					"JucePlugin_Build_VST=0",
					"JucePlugin_Build_VST3=1",
					"JucePlugin_Build_AU=1",
					"JucePlugin_Build_AUv3=0",
					"JucePlugin_Build_RTAS=0",
					"JucePlugin_Build_AAX=0",
					"JucePlugin_Build_Standalone=1",
					"JucePlugin_Build_Unity=0",
					"JucePlugin_Enable_IAA=0",
					"JucePlugin_Name=\\\"GrainFMSynth\\\"",
					"JucePlugin_Desc=\\\"GrainFMSynth\\\"",
					"JucePlugin_Manufacturer=\\\"yourcompany\\\"",
					"JucePlugin_ManufacturerWebsite=\\\"\\\"",
					"JucePlugin_ManufacturerEmail=\\\"\\\"",
					"JucePlugin_ManufacturerCode=0x4d616e75",
					"JucePlugin_PluginCode=0x49726675",
					"JucePlugin_IsSynth=1",
					"JucePlugin_WantsMidiInput=1",
					"JucePlugin_ProducesMidiOutput=0",
					"JucePlugin_IsMidiEffect=0",
					"JucePlugin_EditorRequiresKeyboardFocus=0",
					"JucePlugin_Version=1.0.0",
					"JucePlugin_VersionCode=0x10000",
					"JucePlugin_VersionString=\\\"1.0.0\\\"",
					"JucePlugin_VSTUniqueID=JucePlugin_PluginCode",
					"JucePlugin_VSTCategory=kPlugCategSynth",
					"JucePlugin_Vst3Category=\\\"Instrument|Synth\\\"",
					"JucePlugin_AUMainType=\\'aumu\\'",
					"JucePlugin_AUSubType=JucePlugin_PluginCode",
					"JucePlugin_AUExportPrefix=GrainFMSynthAU",
					"JucePlugin_AUExportPrefixQuoted=\\\"GrainFMSynthAU\\\"",
					"JucePlugin_AUManufacturerCode=JucePlugin_ManufacturerCode",
					"JucePlugin_CFBundleIdentifier=com.yourcompany.GrainFMSynth",
					"JucePlugin_RTASCategory=2048",
					"JucePlugin_RTASManufacturerCode=JucePlugin_ManufacturerCode",
					"JucePlugin_RTASProductId=JucePlugin_PluginCode",
					"JucePlugin_RTASDisableBypass=0",
					"JucePlugin_RTASDisableMultiMono=0",
					"JucePlugin_AAXIdentifier=com.yourcompany.GrainFMSynth",
					"JucePlugin_AAXManufacturerCode=JucePlugin_ManufacturerCode",
					"JucePlugin_AAXProductId=JucePlugin_PluginCode",
					"JucePlugin_AAXCategory=2048",
					"JucePlugin_AAXDisableBypass=0",
					"JucePlugin_AAXDisableMultiMono=0",
					"JucePlugin_IAAType=0x61757269",
					"JucePlugin_IAASubType=JucePlugin_PluginCode",
					"JucePlugin_IAAName=\\\"yourcompany:\\ GrainFMSynth\\\"",
					"JucePlugin_VSTNumMidiInputs=16",
					"JucePlugin_VSTNumMidiOutputs=16",
					"JUCE_STANDALONE_APPLICATION=JucePlugin_Build_Standalone",
					"JUCER_XCODE_MAC_F6D2F4CF=1",
					"JUCE_APP_VERSION=1.0.0",
					"JUCE_APP_VERSION_HEX=0x10000",
					"JUCE_SHARED_CODE=1",
				);
				GCC_VERSION = com.apple.compilers.llvm.clang.1_0;
				HEADER_SEARCH_PATHS = (
					"/Users/jef/Documents/Dev/juce/JUCE/modules/juce_audio_processors/format_types/VST3_SDK",
					"/Users/jef/Documents/Dev/iPlug2/iplug2/Dependencies/IPlug/VST2_SDK",
					"$(SRCROOT)/../../JuceLibraryCode",
					"/Users/jef/Documents/Dev/juce/JUCE/modules",
					"/Users/jef/Documents/Dev/juce/JUCE/modules/juce_audio_plugin_client",
					"$(inherited)",
				);
				INSTALL_PATH = "@executable_path/../Frameworks";
				LLVM_LTO = YES;
				MACOSX_DEPLOYMENT_TARGET = 10.11;
				MTL_HEADER_SEARCH_PATHS = "/Users/jef/Documents/Dev/juce/JUCE/modules/juce_audio_processors/format_types/VST3_SDK /Users/jef/Documents/Dev/iPlug2/iplug2/Dependencies/IPlug/VST2_SDK $(SRCROOT)/../../JuceLibraryCode /Users/jef/Documents/Dev/juce/JUCE/modules /Users/jef/Documents/Dev/juce/JUCE/modules/juce_audio_plugin_client";
				PRODUCT_BUNDLE_IDENTIFIER = com.yourcompany.GrainFMSynth;
				PRODUCT_NAME = "GrainFMSynth";
				SKIP_INSTALL = YES;
				USE_HEADERMAP = NO;
				VALID_ARCHS = "i386 x86_64 arm64 arm64e";
			};
			name = Release;
		};
		CF8EAC1277CCF69ACD22B9F2 /* Release */ = {
			isa = XCBuildConfiguration;
			buildSettings = {
				MACOSX_DEPLOYMENT_TARGET = 10.11;
				SDKROOT = macosx;
			};
			name = Release;
		};
		DB3E6E175ABDA13DA4FE39F5 /* Debug */ = {
			isa = XCBuildConfiguration;
			buildSettings = {
				CLANG_CXX_LANGUAGE_STANDARD = "c++17";
				CLANG_CXX_LIBRARY = "libc++";
				CLANG_LINK_OBJC_RUNTIME = NO;
				CODE_SIGN_IDENTITY = "";
				COMBINE_HIDPI_IMAGES = YES;
				CONFIGURATION_BUILD_DIR = "$(PROJECT_DIR)/build/$(CONFIGURATION)";
				COPY_PHASE_STRIP = NO;
				DEPLOYMENT_LOCATION = YES;
				DSTROOT = /;
				EXCLUDED_ARCHS = "";
				GCC_DYNAMIC_NO_PIC = NO;
				GCC_OPTIMIZATION_LEVEL = 0;
				GCC_PREPROCESSOR_DEFINITIONS = (
					"_DEBUG=1",
					"DEBUG=1",
					"JUCE_DISPLAY_SPLASH_SCREEN=0",
					"JUCE_USE_DARK_SPLASH_SCREEN=1",
					"JUCE_PROJUCER_VERSION=0x60106",
					"JUCE_MODULE_AVAILABLE_juce_audio_basics=1",
					"JUCE_MODULE_AVAILABLE_juce_audio_devices=1",
					"JUCE_MODULE_AVAILABLE_juce_audio_formats=1",
					"JUCE_MODULE_AVAILABLE_juce_audio_plugin_client=1",
					"JUCE_MODULE_AVAILABLE_juce_audio_processors=1",
					"JUCE_MODULE_AVAILABLE_juce_audio_utils=1",
					"JUCE_MODULE_AVAILABLE_juce_core=1",
					"JUCE_MODULE_AVAILABLE_juce_data_structures=1",
					"JUCE_MODULE_AVAILABLE_juce_dsp=1",
					"JUCE_MODULE_AVAILABLE_juce_events=1",
					"JUCE_MODULE_AVAILABLE_juce_graphics=1",
					"JUCE_MODULE_AVAILABLE_juce_gui_basics=1",
					"JUCE_MODULE_AVAILABLE_juce_gui_extra=1",
					"JUCE_GLOBAL_MODULE_SETTINGS_INCLUDED=1",
					"JUCE_VST3_CAN_REPLACE_VST2=0",
					"JUCE_STRICT_REFCOUNTEDPOINTER=1",
					"JucePlugin_Build_VST=0",
					"JucePlugin_Build_VST3=0",
					"JucePlugin_Build_AU=1",
					"JucePlugin_Build_AUv3=0",
					"JucePlugin_Build_RTAS=0",
					"JucePlugin_Build_AAX=0",
					"JucePlugin_Build_Standalone=0",
					"JucePlugin_Build_Unity=0",
					"JucePlugin_Enable_IAA=0",
					"JucePlugin_Name=\\\"GrainFMSynth\\\"",
					"JucePlugin_Desc=\\\"GrainFMSynth\\\"",
					"JucePlugin_Manufacturer=\\\"yourcompany\\\"",
					"JucePlugin_ManufacturerWebsite=\\\"\\\"",
					"JucePlugin_ManufacturerEmail=\\\"\\\"",
					"JucePlugin_ManufacturerCode=0x4d616e75",
					"JucePlugin_PluginCode=0x49726675",
					"JucePlugin_IsSynth=1",
					"JucePlugin_WantsMidiInput=1",
					"JucePlugin_ProducesMidiOutput=0",
					"JucePlugin_IsMidiEffect=0",
					"JucePlugin_EditorRequiresKeyboardFocus=0",
					"JucePlugin_Version=1.0.0",
					"JucePlugin_VersionCode=0x10000",
					"JucePlugin_VersionString=\\\"1.0.0\\\"",
					"JucePlugin_VSTUniqueID=JucePlugin_PluginCode",
					"JucePlugin_VSTCategory=kPlugCategSynth",
					"JucePlugin_Vst3Category=\\\"Instrument|Synth\\\"",
					"JucePlugin_AUMainType=\\'aumu\\'",
					"JucePlugin_AUSubType=JucePlugin_PluginCode",
					"JucePlugin_AUExportPrefix=GrainFMSynthAU",
					"JucePlugin_AUExportPrefixQuoted=\\\"GrainFMSynthAU\\\"",
					"JucePlugin_AUManufacturerCode=JucePlugin_ManufacturerCode",
					"JucePlugin_CFBundleIdentifier=com.yourcompany.GrainFMSynth",
					"JucePlugin_RTASCategory=2048",
					"JucePlugin_RTASManufacturerCode=JucePlugin_ManufacturerCode",
					"JucePlugin_RTASProductId=JucePlugin_PluginCode",
					"JucePlugin_RTASDisableBypass=0",
					"JucePlugin_RTASDisableMultiMono=0",
					"JucePlugin_AAXIdentifier=com.yourcompany.GrainFMSynth",
					"JucePlugin_AAXManufacturerCode=JucePlugin_ManufacturerCode",
					"JucePlugin_AAXProductId=JucePlugin_PluginCode",
					"JucePlugin_AAXCategory=2048",
					"JucePlugin_AAXDisableBypass=0",
					"JucePlugin_AAXDisableMultiMono=0",
					"JucePlugin_IAAType=0x61757269",
					"JucePlugin_IAASubType=JucePlugin_PluginCode",
					"JucePlugin_IAAName=\\\"yourcompany:\\ GrainFMSynth\\\"",
					"JucePlugin_VSTNumMidiInputs=16",
					"JucePlugin_VSTNumMidiOutputs=16",
					"JUCE_STANDALONE_APPLICATION=JucePlugin_Build_Standalone",
					"JUCER_XCODE_MAC_F6D2F4CF=1",
					"JUCE_APP_VERSION=1.0.0",
					"JUCE_APP_VERSION_HEX=0x10000",
				);
				GCC_VERSION = com.apple.compilers.llvm.clang.1_0;
				GENERATE_PKGINFO_FILE = YES;
				HEADER_SEARCH_PATHS = (
					"/Users/jef/Documents/Dev/juce/JUCE/modules/juce_audio_processors/format_types/VST3_SDK",
					"/Users/jef/Documents/Dev/iPlug2/iplug2/Dependencies/IPlug/VST2_SDK",
					"$(SRCROOT)/../../JuceLibraryCode",
					"/Users/jef/Documents/Dev/juce/JUCE/modules",
					"/Users/jef/Documents/Dev/juce/JUCE/modules/juce_audio_plugin_client",
					"$(inherited)",
				);
				INFOPLIST_FILE = Info-AU.plist;
				INFOPLIST_PREPROCESS = NO;
				INSTALL_PATH = "$(HOME)/Library/Audio/Plug-Ins/Components/";
				LIBRARY_STYLE = Bundle;
				MACOSX_DEPLOYMENT_TARGET = 10.11;
				MTL_HEADER_SEARCH_PATHS = "/Users/jef/Documents/Dev/juce/JUCE/modules/juce_audio_processors/format_types/VST3_SDK /Users/jef/Documents/Dev/iPlug2/iplug2/Dependencies/IPlug/VST2_SDK $(SRCROOT)/../../JuceLibraryCode /Users/jef/Documents/Dev/juce/JUCE/modules /Users/jef/Documents/Dev/juce/JUCE/modules/juce_audio_plugin_client";
				OTHER_LDFLAGS = "-bundle -lGrainFMSynth";
				OTHER_REZFLAGS = "-d ppc_$ppc -d i386_$i386 -d ppc64_$ppc64 -d x86_64_$x86_64 -d arm64_$arm64 -I /System/Library/Frameworks/CoreServices.framework/Frameworks/CarbonCore.framework/Versions/A/Headers -I \"$(DEVELOPER_DIR)/Extras/CoreAudio/AudioUnits/AUPublic/AUBase\" -I \"$(DEVELOPER_DIR)/Platforms/MacOSX.platform/Developer/SDKs/MacOSX.sdk/System/Library/Frameworks/AudioUnit.framework/Headers\"";
				PRODUCT_BUNDLE_IDENTIFIER = com.yourcompany.GrainFMSynth;
				PRODUCT_NAME = "GrainFMSynth";
				USE_HEADERMAP = NO;
				VALID_ARCHS = "i386 x86_64 arm64 arm64e";
				WRAPPER_EXTENSION = component;
			};
			name = Debug;
		};
		DE680809D35156874EDBDDE0 /* Release */ = {
			isa = XCBuildConfiguration;
			buildSettings = {
				CLANG_CXX_LANGUAGE_STANDARD = "c++17";
				CLANG_CXX_LIBRARY = "libc++";
				CLANG_LINK_OBJC_RUNTIME = NO;
				CODE_SIGN_IDENTITY = "";
				COMBINE_HIDPI_IMAGES = YES;
				CONFIGURATION_BUILD_DIR = "$(PROJECT_DIR)/build/$(CONFIGURATION)";
				DEAD_CODE_STRIPPING = YES;
				DEPLOYMENT_LOCATION = YES;
				DSTROOT = /;
				EXCLUDED_ARCHS = "";
				GCC_GENERATE_DEBUGGING_SYMBOLS = NO;
				GCC_OPTIMIZATION_LEVEL = 3;
				GCC_PREPROCESSOR_DEFINITIONS = (
					"_NDEBUG=1",
					"NDEBUG=1",
					"JUCE_DISPLAY_SPLASH_SCREEN=0",
					"JUCE_USE_DARK_SPLASH_SCREEN=1",
					"JUCE_PROJUCER_VERSION=0x60106",
					"JUCE_MODULE_AVAILABLE_juce_audio_basics=1",
					"JUCE_MODULE_AVAILABLE_juce_audio_devices=1",
					"JUCE_MODULE_AVAILABLE_juce_audio_formats=1",
					"JUCE_MODULE_AVAILABLE_juce_audio_plugin_client=1",
					"JUCE_MODULE_AVAILABLE_juce_audio_processors=1",
					"JUCE_MODULE_AVAILABLE_juce_audio_utils=1",
					"JUCE_MODULE_AVAILABLE_juce_core=1",
					"JUCE_MODULE_AVAILABLE_juce_data_structures=1",
					"JUCE_MODULE_AVAILABLE_juce_dsp=1",
					"JUCE_MODULE_AVAILABLE_juce_events=1",
					"JUCE_MODULE_AVAILABLE_juce_graphics=1",
					"JUCE_MODULE_AVAILABLE_juce_gui_basics=1",
					"JUCE_MODULE_AVAILABLE_juce_gui_extra=1",
					"JUCE_GLOBAL_MODULE_SETTINGS_INCLUDED=1",
					"JUCE_VST3_CAN_REPLACE_VST2=0",
					"JUCE_STRICT_REFCOUNTEDPOINTER=1",
					"JucePlugin_Build_VST=0",
					"JucePlugin_Build_VST3=0",
					"JucePlugin_Build_AU=1",
					"JucePlugin_Build_AUv3=0",
					"JucePlugin_Build_RTAS=0",
					"JucePlugin_Build_AAX=0",
					"JucePlugin_Build_Standalone=0",
					"JucePlugin_Build_Unity=0",
					"JucePlugin_Enable_IAA=0",
					"JucePlugin_Name=\\\"GrainFMSynth\\\"",
					"JucePlugin_Desc=\\\"GrainFMSynth\\\"",
					"JucePlugin_Manufacturer=\\\"yourcompany\\\"",
					"JucePlugin_ManufacturerWebsite=\\\"\\\"",
					"JucePlugin_ManufacturerEmail=\\\"\\\"",
					"JucePlugin_ManufacturerCode=0x4d616e75",
					"JucePlugin_PluginCode=0x49726675",
					"JucePlugin_IsSynth=1",
					"JucePlugin_WantsMidiInput=1",
					"JucePlugin_ProducesMidiOutput=0",
					"JucePlugin_IsMidiEffect=0",
					"JucePlugin_EditorRequiresKeyboardFocus=0",
					"JucePlugin_Version=1.0.0",
					"JucePlugin_VersionCode=0x10000",
					"JucePlugin_VersionString=\\\"1.0.0\\\"",
					"JucePlugin_VSTUniqueID=JucePlugin_PluginCode",
					"JucePlugin_VSTCategory=kPlugCategSynth",
					"JucePlugin_Vst3Category=\\\"Instrument|Synth\\\"",
					"JucePlugin_AUMainType=\\'aumu\\'",
					"JucePlugin_AUSubType=JucePlugin_PluginCode",
					"JucePlugin_AUExportPrefix=GrainFMSynthAU",
					"JucePlugin_AUExportPrefixQuoted=\\\"GrainFMSynthAU\\\"",
					"JucePlugin_AUManufacturerCode=JucePlugin_ManufacturerCode",
					"JucePlugin_CFBundleIdentifier=com.yourcompany.GrainFMSynth",
					"JucePlugin_RTASCategory=2048",
					"JucePlugin_RTASManufacturerCode=JucePlugin_ManufacturerCode",
					"JucePlugin_RTASProductId=JucePlugin_PluginCode",
					"JucePlugin_RTASDisableBypass=0",
					"JucePlugin_RTASDisableMultiMono=0",
					"JucePlugin_AAXIdentifier=com.yourcompany.GrainFMSynth",
					"JucePlugin_AAXManufacturerCode=JucePlugin_ManufacturerCode",
					"JucePlugin_AAXProductId=JucePlugin_PluginCode",
					"JucePlugin_AAXCategory=2048",
					"JucePlugin_AAXDisableBypass=0",
					"JucePlugin_AAXDisableMultiMono=0",
					"JucePlugin_IAAType=0x61757269",
					"JucePlugin_IAASubType=JucePlugin_PluginCode",
					"JucePlugin_IAAName=\\\"yourcompany:\\ GrainFMSynth\\\"",
					"JucePlugin_VSTNumMidiInputs=16",
					"JucePlugin_VSTNumMidiOutputs=16",
					"JUCE_STANDALONE_APPLICATION=JucePlugin_Build_Standalone",
					"JUCER_XCODE_MAC_F6D2F4CF=1",
					"JUCE_APP_VERSION=1.0.0",
					"JUCE_APP_VERSION_HEX=0x10000",
				);
				GCC_VERSION = com.apple.compilers.llvm.clang.1_0;
				GENERATE_PKGINFO_FILE = YES;
				HEADER_SEARCH_PATHS = (
					"/Users/jef/Documents/Dev/juce/JUCE/modules/juce_audio_processors/format_types/VST3_SDK",
					"/Users/jef/Documents/Dev/iPlug2/iplug2/Dependencies/IPlug/VST2_SDK",
					"$(SRCROOT)/../../JuceLibraryCode",
					"/Users/jef/Documents/Dev/juce/JUCE/modules",
					"/Users/jef/Documents/Dev/juce/JUCE/modules/juce_audio_plugin_client",
					"$(inherited)",
				);
				INFOPLIST_FILE = Info-AU.plist;
				INFOPLIST_PREPROCESS = NO;
				INSTALL_PATH = "$(HOME)/Library/Audio/Plug-Ins/Components/";
				LIBRARY_STYLE = Bundle;
				LLVM_LTO = YES;
				MACOSX_DEPLOYMENT_TARGET = 10.11;
				MTL_HEADER_SEARCH_PATHS = "/Users/jef/Documents/Dev/juce/JUCE/modules/juce_audio_processors/format_types/VST3_SDK /Users/jef/Documents/Dev/iPlug2/iplug2/Dependencies/IPlug/VST2_SDK $(SRCROOT)/../../JuceLibraryCode /Users/jef/Documents/Dev/juce/JUCE/modules /Users/jef/Documents/Dev/juce/JUCE/modules/juce_audio_plugin_client";
				OTHER_LDFLAGS = "-bundle -lGrainFMSynth";
				OTHER_REZFLAGS = "-d ppc_$ppc -d i386_$i386 -d ppc64_$ppc64 -d x86_64_$x86_64 -d arm64_$arm64 -I /System/Library/Frameworks/CoreServices.framework/Frameworks/CarbonCore.framework/Versions/A/Headers -I \"$(DEVELOPER_DIR)/Extras/CoreAudio/AudioUnits/AUPublic/AUBase\" -I \"$(DEVELOPER_DIR)/Platforms/MacOSX.platform/Developer/SDKs/MacOSX.sdk/System/Library/Frameworks/AudioUnit.framework/Headers\"";
				PRODUCT_BUNDLE_IDENTIFIER = com.yourcompany.GrainFMSynth;
				PRODUCT_NAME = "GrainFMSynth";
				USE_HEADERMAP = NO;
				VALID_ARCHS = "i386 x86_64 arm64 arm64e";
				WRAPPER_EXTENSION = component;
			};
			name = Release;
		};
		E2EB51AE777E4557FD3DE268 /* Release */ = {
			isa = XCBuildConfiguration;
			buildSettings = {
				CLANG_CXX_LANGUAGE_STANDARD = "c++17";
				CLANG_CXX_LIBRARY = "libc++";
				CLANG_LINK_OBJC_RUNTIME = NO;
				CODE_SIGN_IDENTITY = "";
				COMBINE_HIDPI_IMAGES = YES;
				CONFIGURATION_BUILD_DIR = "$(PROJECT_DIR)/build/$(CONFIGURATION)";
				DEAD_CODE_STRIPPING = YES;
				DEPLOYMENT_LOCATION = YES;
				DSTROOT = /;
				EXCLUDED_ARCHS = "";
				GCC_GENERATE_DEBUGGING_SYMBOLS = NO;
				GCC_OPTIMIZATION_LEVEL = 3;
				GCC_PREPROCESSOR_DEFINITIONS = (
					"_NDEBUG=1",
					"NDEBUG=1",
					"JUCE_DISPLAY_SPLASH_SCREEN=0",
					"JUCE_USE_DARK_SPLASH_SCREEN=1",
					"JUCE_PROJUCER_VERSION=0x60106",
					"JUCE_MODULE_AVAILABLE_juce_audio_basics=1",
					"JUCE_MODULE_AVAILABLE_juce_audio_devices=1",
					"JUCE_MODULE_AVAILABLE_juce_audio_formats=1",
					"JUCE_MODULE_AVAILABLE_juce_audio_plugin_client=1",
					"JUCE_MODULE_AVAILABLE_juce_audio_processors=1",
					"JUCE_MODULE_AVAILABLE_juce_audio_utils=1",
					"JUCE_MODULE_AVAILABLE_juce_core=1",
					"JUCE_MODULE_AVAILABLE_juce_data_structures=1",
					"JUCE_MODULE_AVAILABLE_juce_dsp=1",
					"JUCE_MODULE_AVAILABLE_juce_events=1",
					"JUCE_MODULE_AVAILABLE_juce_graphics=1",
					"JUCE_MODULE_AVAILABLE_juce_gui_basics=1",
					"JUCE_MODULE_AVAILABLE_juce_gui_extra=1",
					"JUCE_GLOBAL_MODULE_SETTINGS_INCLUDED=1",
					"JUCE_VST3_CAN_REPLACE_VST2=0",
					"JUCE_STRICT_REFCOUNTEDPOINTER=1",
					"JucePlugin_Build_VST=0",
					"JucePlugin_Build_VST3=1",
					"JucePlugin_Build_AU=0",
					"JucePlugin_Build_AUv3=0",
					"JucePlugin_Build_RTAS=0",
					"JucePlugin_Build_AAX=0",
					"JucePlugin_Build_Standalone=0",
					"JucePlugin_Build_Unity=0",
					"JucePlugin_Enable_IAA=0",
					"JucePlugin_Name=\\\"GrainFMSynth\\\"",
					"JucePlugin_Desc=\\\"GrainFMSynth\\\"",
					"JucePlugin_Manufacturer=\\\"yourcompany\\\"",
					"JucePlugin_ManufacturerWebsite=\\\"\\\"",
					"JucePlugin_ManufacturerEmail=\\\"\\\"",
					"JucePlugin_ManufacturerCode=0x4d616e75",
					"JucePlugin_PluginCode=0x49726675",
					"JucePlugin_IsSynth=1",
					"JucePlugin_WantsMidiInput=1",
					"JucePlugin_ProducesMidiOutput=0",
					"JucePlugin_IsMidiEffect=0",
					"JucePlugin_EditorRequiresKeyboardFocus=0",
					"JucePlugin_Version=1.0.0",
					"JucePlugin_VersionCode=0x10000",
					"JucePlugin_VersionString=\\\"1.0.0\\\"",
					"JucePlugin_VSTUniqueID=JucePlugin_PluginCode",
					"JucePlugin_VSTCategory=kPlugCategSynth",
					"JucePlugin_Vst3Category=\\\"Instrument|Synth\\\"",
					"JucePlugin_AUMainType=\\'aumu\\'",
					"JucePlugin_AUSubType=JucePlugin_PluginCode",
					"JucePlugin_AUExportPrefix=GrainFMSynthAU",
					"JucePlugin_AUExportPrefixQuoted=\\\"GrainFMSynthAU\\\"",
					"JucePlugin_AUManufacturerCode=JucePlugin_ManufacturerCode",
					"JucePlugin_CFBundleIdentifier=com.yourcompany.GrainFMSynth",
					"JucePlugin_RTASCategory=2048",
					"JucePlugin_RTASManufacturerCode=JucePlugin_ManufacturerCode",
					"JucePlugin_RTASProductId=JucePlugin_PluginCode",
					"JucePlugin_RTASDisableBypass=0",
					"JucePlugin_RTASDisableMultiMono=0",
					"JucePlugin_AAXIdentifier=com.yourcompany.GrainFMSynth",
					"JucePlugin_AAXManufacturerCode=JucePlugin_ManufacturerCode",
					"JucePlugin_AAXProductId=JucePlugin_PluginCode",
					"JucePlugin_AAXCategory=2048",
					"JucePlugin_AAXDisableBypass=0",
					"JucePlugin_AAXDisableMultiMono=0",
					"JucePlugin_IAAType=0x61757269",
					"JucePlugin_IAASubType=JucePlugin_PluginCode",
					"JucePlugin_IAAName=\\\"yourcompany:\\ GrainFMSynth\\\"",
					"JucePlugin_VSTNumMidiInputs=16",
					"JucePlugin_VSTNumMidiOutputs=16",
					"JUCE_STANDALONE_APPLICATION=JucePlugin_Build_Standalone",
					"JUCER_XCODE_MAC_F6D2F4CF=1",
					"JUCE_APP_VERSION=1.0.0",
					"JUCE_APP_VERSION_HEX=0x10000",
				);
				GCC_VERSION = com.apple.compilers.llvm.clang.1_0;
				GENERATE_PKGINFO_FILE = YES;
				HEADER_SEARCH_PATHS = (
					"/Users/jef/Documents/Dev/juce/JUCE/modules/juce_audio_processors/format_types/VST3_SDK",
					"/Users/jef/Documents/Dev/iPlug2/iplug2/Dependencies/IPlug/VST2_SDK",
					"$(SRCROOT)/../../JuceLibraryCode",
					"/Users/jef/Documents/Dev/juce/JUCE/modules",
					"/Users/jef/Documents/Dev/juce/JUCE/modules/juce_audio_plugin_client",
					"$(inherited)",
				);
				INFOPLIST_FILE = Info-VST3.plist;
				INFOPLIST_PREPROCESS = NO;
				INSTALL_PATH = "$(HOME)/Library/Audio/Plug-Ins/VST3/";
				LIBRARY_STYLE = Bundle;
				LLVM_LTO = YES;
				MACOSX_DEPLOYMENT_TARGET = 10.11;
				MTL_HEADER_SEARCH_PATHS = "/Users/jef/Documents/Dev/juce/JUCE/modules/juce_audio_processors/format_types/VST3_SDK /Users/jef/Documents/Dev/iPlug2/iplug2/Dependencies/IPlug/VST2_SDK $(SRCROOT)/../../JuceLibraryCode /Users/jef/Documents/Dev/juce/JUCE/modules /Users/jef/Documents/Dev/juce/JUCE/modules/juce_audio_plugin_client";
				OTHER_LDFLAGS = "-bundle -lGrainFMSynth";
				PRODUCT_BUNDLE_IDENTIFIER = com.yourcompany.GrainFMSynth;
				PRODUCT_NAME = "GrainFMSynth";
				USE_HEADERMAP = NO;
				VALID_ARCHS = "i386 x86_64 arm64 arm64e";
				WRAPPER_EXTENSION = vst3;
			};
			name = Release;
		};
/* End XCBuildConfiguration section */

/* Begin XCConfigurationList section */
		49AE0DF7D2B329C27EA80B34 = {
			isa = XCConfigurationList;
			buildConfigurations = (
				34582C0F7993C6AFC268FE92,
				CF8EAC1277CCF69ACD22B9F2,
			);
			defaultConfigurationIsVisible = 0;
			defaultConfigurationName = Debug;
		};
		6669132728388F4B7E89B360 = {
			isa = XCConfigurationList;
			buildConfigurations = (
				DB3E6E175ABDA13DA4FE39F5,
				DE680809D35156874EDBDDE0,
			);
			defaultConfigurationIsVisible = 0;
			defaultConfigurationName = Debug;
		};
		95D3B0DCCA12A5B3AE198565 = {
			isa = XCConfigurationList;
			buildConfigurations = (
				9E6D1D2D51CD9CD28B6DC545,
				45437DBDFDAF357482E38781,
			);
			defaultConfigurationIsVisible = 0;
			defaultConfigurationName = Debug;
		};
		BAC4CA4A766EDDFFA2C5E2A5 = {
			isa = XCConfigurationList;
			buildConfigurations = (
				26ECB7E8452F1316F894FE65,
				B411048C678B194C82236A3B,
			);
			defaultConfigurationIsVisible = 0;
			defaultConfigurationName = Debug;
		};
		EE540A8BDBBF99E246CC401B = {
			isa = XCConfigurationList;
			buildConfigurations = (
				13B8AA72591709221ED5CF04,
				328EA103E5561DB9C98BD80F,
			);
			defaultConfigurationIsVisible = 0;
			defaultConfigurationName = Debug;
		};
		EF0563FCB095EBBF02858F7F = {
			isa = XCConfigurationList;
			buildConfigurations = (
				5A2106EF450D1709F18C6563,
				E2EB51AE777E4557FD3DE268,
			);
			defaultConfigurationIsVisible = 0;
			defaultConfigurationName = Debug;
		};
/* End XCConfigurationList section */
	};
	rootObject = 38A5863326568F136C0EA154 /* Project object */;
}
